// !$*UTF8*$!
{
	archiveVersion = 1;
	classes = {
	};
	objectVersion = 77;
	objects = {

/* Begin PBXBuildFile section */
		A2C57C4A2F7C4F7B0058043E /* Auth in Frameworks */ = {isa = PBXBuildFile; productRef = A2C57C492F7C4F7B0058043E /* Auth */; };
		A2C57C4C2F7C4F7B0058043E /* Functions in Frameworks */ = {isa = PBXBuildFile; productRef = A2C57C4B2F7C4F7B0058043E /* Functions */; };
		A2C57C4E2F7C4F7B0058043E /* PostgREST in Frameworks */ = {isa = PBXBuildFile; productRef = A2C57C4D2F7C4F7B0058043E /* PostgREST */; };
		A2C57C512F7C5D7C0058043E /* Supabase in Frameworks */ = {isa = PBXBuildFile; productRef = A2C57C502F7C5D7C0058043E /* Supabase */; };
		A2D0B91B2F5A062A001EB670 /* NebularNewsKit in Frameworks */ = {isa = PBXBuildFile; productRef = A2D0B91A2F5A062A001EB670 /* NebularNewsKit */; };

		DD5594800BEB4FE2B96B105B1ECACBB2 /* NebularNewsWidgets.entitlements in Resources */ = {isa = PBXBuildFile; fileRef = 4A1F7C11CF144203816BD14029507500 /* NebularNewsWidgets.entitlements */; };
		E9F43269259443548E3399269F6F452B /* WidgetDataProvider.swift in Sources */ = {isa = PBXBuildFile; fileRef = BDA0E5B52C147F1E00F4C285 /* WidgetDataProvider.swift */; };
		5DEF1E240FE3400C90B70A42F21017C6 /* WidgetData.swift in Sources */ = {isa = PBXBuildFile; fileRef = BDA0E5B62C147F1E00F4C285 /* WidgetData.swift */; };
		FCE3EF7F8A3F4626B2605F0C522FD299 /* TopArticleWidget.swift in Sources */ = {isa = PBXBuildFile; fileRef = BDA0E5B72C147F1E00F4C285 /* TopArticleWidget.swift */; };
		873E5A4CFA3E4279B00E1564137D0F3B /* ReadingQueueWidget.swift in Sources */ = {isa = PBXBuildFile; fileRef = BDA0E5B82C147F1E00F4C285 /* ReadingQueueWidget.swift */; };
		1047DFE521694A1597A6804D28655A88 /* StatsWidget.swift in Sources */ = {isa = PBXBuildFile; fileRef = BDA0E5B92C147F1E00F4C285 /* StatsWidget.swift */; };
		2D2AEB2574B0492399017E8FD4974A0C /* NebularNewsWidgets.swift in Sources */ = {isa = PBXBuildFile; fileRef = BDA0E5BA2C147F1E00F4C285 /* NebularNewsWidgets.swift */; };
/* End PBXBuildFile section */

/* Begin PBXContainerItemProxy section */
		A2D0B8FD2F5A05FB001EB670 /* PBXContainerItemProxy */ = {
			isa = PBXContainerItemProxy;
			containerPortal = A2D0B8E72F5A05FB001EB670 /* Project object */;
			proxyType = 1;
			remoteGlobalIDString = A2D0B8EE2F5A05FB001EB670;
			remoteInfo = NebularNews;
		};
		A2D0B9072F5A05FB001EB670 /* PBXContainerItemProxy */ = {
			isa = PBXContainerItemProxy;
			containerPortal = A2D0B8E72F5A05FB001EB670 /* Project object */;
			proxyType = 1;
			remoteGlobalIDString = A2D0B8EE2F5A05FB001EB670;
			remoteInfo = NebularNews;
		};

		5C2FDB12F190473F8F623D8B24608D03 /* PBXContainerItemProxy */ = {
			isa = PBXContainerItemProxy;
			containerPortal = A2D0B8E72F5A05FB001EB670 /* Project object */;
			proxyType = 1;
			remoteGlobalIDString = 21EF68A28F634A0CBC0E2AACAF2D5350;
			remoteInfo = NebularNewsWidgets;
		};
/* End PBXContainerItemProxy section */

/* Begin PBXFileReference section */
		A2D0B8EF2F5A05FB001EB670 /* NebularNews.app */ = {isa = PBXFileReference; explicitFileType = wrapper.application; includeInIndex = 0; path = NebularNews.app; sourceTree = BUILT_PRODUCTS_DIR; };
		A2D0B8FC2F5A05FB001EB670 /* NebularNewsTests.xctest */ = {isa = PBXFileReference; explicitFileType = wrapper.cfbundle; includeInIndex = 0; path = NebularNewsTests.xctest; sourceTree = BUILT_PRODUCTS_DIR; };
		A2D0B9062F5A05FB001EB670 /* NebularNewsUITests.xctest */ = {isa = PBXFileReference; explicitFileType = wrapper.cfbundle; includeInIndex = 0; path = NebularNewsUITests.xctest; sourceTree = BUILT_PRODUCTS_DIR; };

		6565031600AA475EA4914592AEDA09BF /* NebularNewsWidgets.appex */ = {isa = PBXFileReference; explicitFileType = wrapper.app-extension; includeInIndex = 0; path = NebularNewsWidgets.appex; sourceTree = BUILT_PRODUCTS_DIR; };

		BDA0E5B52C147F1E00F4C285 /* WidgetDataProvider.swift */ = {isa = PBXFileReference; lastKnownFileType = sourcecode.swift; path = WidgetDataProvider.swift; sourceTree = "<group>"; };
		BDA0E5B62C147F1E00F4C285 /* WidgetData.swift */ = {isa = PBXFileReference; lastKnownFileType = sourcecode.swift; path = WidgetData.swift; sourceTree = "<group>"; };
		BDA0E5B72C147F1E00F4C285 /* TopArticleWidget.swift */ = {isa = PBXFileReference; lastKnownFileType = sourcecode.swift; path = TopArticleWidget.swift; sourceTree = "<group>"; };
		BDA0E5B82C147F1E00F4C285 /* ReadingQueueWidget.swift */ = {isa = PBXFileReference; lastKnownFileType = sourcecode.swift; path = ReadingQueueWidget.swift; sourceTree = "<group>"; };
		BDA0E5B92C147F1E00F4C285 /* StatsWidget.swift */ = {isa = PBXFileReference; lastKnownFileType = sourcecode.swift; path = StatsWidget.swift; sourceTree = "<group>"; };
		BDA0E5BA2C147F1E00F4C285 /* NebularNewsWidgets.swift */ = {isa = PBXFileReference; lastKnownFileType = sourcecode.swift; path = NebularNewsWidgets.swift; sourceTree = "<group>"; };
		BDA0E5BB2C147F1E00F4C285 /* NebularNewsWidgets.entitlements */ = {isa = PBXFileReference; lastKnownFileType = text.plist.entitlements; path = NebularNewsWidgets.entitlements; sourceTree = "<group>"; };
		BDA0E5BC2C147F1E00F4C285 /* WidgetDataWriter.swift */ = {isa = PBXFileReference; lastKnownFileType = sourcecode.swift; path = WidgetDataWriter.swift; sourceTree = "<group>"; };
/* End PBXFileReference section */

/* Begin PBXFileSystemSynchronizedRootGroup section */
		A2D0B8F12F5A05FB001EB670 /* NebularNews */ = {
			isa = PBXFileSystemSynchronizedRootGroup;
			path = NebularNews;
			sourceTree = "<group>";
		};
		A2D0B8FF2F5A05FB001EB670 /* NebularNewsTests */ = {
			isa = PBXFileSystemSynchronizedRootGroup;
			path = NebularNewsTests;
			sourceTree = "<group>";
		};
		A2D0B9092F5A05FB001EB670 /* NebularNewsUITests */ = {
			isa = PBXFileSystemSynchronizedRootGroup;
			path = NebularNewsUITests;
			sourceTree = "<group>";
		};
/* End PBXFileSystemSynchronizedRootGroup section */

/* Begin PBXFrameworksBuildPhase section */
		A2D0B8EC2F5A05FB001EB670 /* Frameworks */ = {
			isa = PBXFrameworksBuildPhase;
			buildActionMask = 2147483647;
			files = (
				A2C57C512F7C5D7C0058043E /* Supabase in Frameworks */,
				A2C57C4E2F7C4F7B0058043E /* PostgREST in Frameworks */,
				A2C57C4C2F7C4F7B0058043E /* Functions in Frameworks */,
				A2C57C4A2F7C4F7B0058043E /* Auth in Frameworks */,
				A2D0B91B2F5A062A001EB670 /* NebularNewsKit in Frameworks */,
			);
			runOnlyForDeploymentPostprocessing = 0;
		};
		A2D0B8F92F5A05FB001EB670 /* Frameworks */ = {
			isa = PBXFrameworksBuildPhase;
			buildActionMask = 2147483647;
			files = (
			);
			runOnlyForDeploymentPostprocessing = 0;
		};
		A2D0B9032F5A05FB001EB670 /* Frameworks */ = {
			isa = PBXFrameworksBuildPhase;
			buildActionMask = 2147483647;
			files = (
			);
			runOnlyForDeploymentPostprocessing = 0;
		};
		E0E87E753605489AAAEB73C086E4B263 /* Frameworks */ = {
			isa = PBXFrameworksBuildPhase;
			buildActionMask = 2147483647;
			files = (
			);
			runOnlyForDeploymentPostprocessing = 0;
		};
/* End PBXFrameworksBuildPhase section */

/* Begin PBXGroup section */
		A2C57C4F2F7C5D7C0058043E /* Frameworks */ = {
			isa = PBXGroup;
			children = (
			);
			name = Frameworks;
			sourceTree = "<group>";
		};
		A2D0B8E62F5A05FB001EB670 = {
			isa = PBXGroup;
			children = (
				A2D0B8F12F5A05FB001EB670 /* NebularNews */,
				A2D0B8FF2F5A05FB001EB670 /* NebularNewsTests */,
				A2D0B9092F5A05FB001EB670 /* NebularNewsUITests */,
				A2C57C4F2F7C5D7C0058043E /* Frameworks */,
				A2D0B8F02F5A05FB001EB670 /* Products */,
			);
			sourceTree = "<group>";
		};
		A2D0B8F02F5A05FB001EB670 /* Products */ = {
			isa = PBXGroup;
			children = (
				A2D0B8EF2F5A05FB001EB670 /* NebularNews.app */,
				A2D0B8FC2F5A05FB001EB670 /* NebularNewsTests.xctest */,
				A2D0B9062F5A05FB001EB670 /* NebularNewsUITests.xctest */,
			);
			name = Products;
			sourceTree = "<group>";
		};
		4A1F7C11CF144203816BD14029507500 /* NebularNewsWidgets */ = {
			isa = PBXGroup;
			children = (
				BDA0E5BB2C147F1E00F4C285 /* NebularNewsWidgets.entitlements */,
				BDA0E5BA2C147F1E00F4C285 /* NebularNewsWidgets.swift */,
				BDA0E5B52C147F1E00F4C285 /* WidgetDataProvider.swift */,
				BDA0E5B62C147F1E00F4C285 /* WidgetData.swift */,
				BDA0E5BC2C147F1E00F4C285 /* WidgetDataWriter.swift */,
				BDA0E5B72C147F1E00F4C285 /* TopArticleWidget.swift */,
				BDA0E5B82C147F1E00F4C285 /* ReadingQueueWidget.swift */,
				BDA0E5B92C147F1E00F4C285 /* StatsWidget.swift */,
			);
			path = NebularNewsWidgets;
			sourceTree = "<group>";
		};
/* End PBXGroup section */

/* Begin PBXNativeTarget section */
		A2D0B8EE2F5A05FB001EB670 /* NebularNews */ = {
			isa = PBXNativeTarget;
			buildConfigurationList = A2D0B9102F5A05FB001EB670 /* Build configuration list for PBXNativeTarget "NebularNews" */;
			buildPhases = (
				A2D0B8EB2F5A05FB001EB670 /* Sources */,
				A2D0B8EC2F5A05FB001EB670 /* Frameworks */,
				A2D0B8ED2F5A05FB001EB670 /* Resources */,
			);
			buildRules = (
			);
			dependencies = (
				2064B138884E4CDCBD053B0E874E1137 /* PBXTargetDependency */,
			);
			fileSystemSynchronizedGroups = (
				A2D0B8F12F5A05FB001EB670 /* NebularNews */,
			);
			name = NebularNews;
			packageProductDependencies = (
				A2D0B91A2F5A062A001EB670 /* NebularNewsKit */,
				A2C57C492F7C4F7B0058043E /* Auth */,
				A2C57C4B2F7C4F7B0058043E /* Functions */,
				A2C57C4D2F7C4F7B0058043E /* PostgREST */,
				A2C57C502F7C5D7C0058043E /* Supabase */,
			);
			productName = NebularNews;
			productReference = A2D0B8EF2F5A05FB001EB670 /* NebularNews.app */;
			productType = "com.apple.product-type.application";
		};
		A2D0B8FB2F5A05FB001EB670 /* NebularNewsTests */ = {
			isa = PBXNativeTarget;
			buildConfigurationList = A2D0B9132F5A05FB001EB670 /* Build configuration list for PBXNativeTarget "NebularNewsTests" */;
			buildPhases = (
				A2D0B8F82F5A05FB001EB670 /* Sources */,
				A2D0B8F92F5A05FB001EB670 /* Frameworks */,
				A2D0B8FA2F5A05FB001EB670 /* Resources */,
			);
			buildRules = (
			);
			dependencies = (
				A2D0B8FE2F5A05FB001EB670 /* PBXTargetDependency */,
			);
			fileSystemSynchronizedGroups = (
				A2D0B8FF2F5A05FB001EB670 /* NebularNewsTests */,
			);
			name = NebularNewsTests;
			packageProductDependencies = (
			);
			productName = NebularNewsTests;
			productReference = A2D0B8FC2F5A05FB001EB670 /* NebularNewsTests.xctest */;
			productType = "com.apple.product-type.bundle.unit-test";
		};
		A2D0B9052F5A05FB001EB670 /* NebularNewsUITests */ = {
			isa = PBXNativeTarget;
			buildConfigurationList = A2D0B9162F5A05FB001EB670 /* Build configuration list for PBXNativeTarget "NebularNewsUITests" */;
			buildPhases = (
				A2D0B9022F5A05FB001EB670 /* Sources */,
				A2D0B9032F5A05FB001EB670 /* Frameworks */,
				A2D0B9042F5A05FB001EB670 /* Resources */,
			);
			buildRules = (
			);
			dependencies = (
				A2D0B9082F5A05FB001EB670 /* PBXTargetDependency */,
			);
			fileSystemSynchronizedGroups = (
				A2D0B9092F5A05FB001EB670 /* NebularNewsUITests */,
			);
			name = NebularNewsUITests;
			packageProductDependencies = (
			);
			productName = NebularNewsUITests;
			productReference = A2D0B9062F5A05FB001EB670 /* NebularNewsUITests.xctest */;
			productType = "com.apple.product-type.bundle.ui-testing";
		};
/* End PBXNativeTarget section */

/* Begin PBXProject section */
		A2D0B8E72F5A05FB001EB670 /* Project object */ = {
			isa = PBXProject;
			attributes = {
				BuildIndependentTargetsInParallel = 1;
				LastSwiftUpdateCheck = 2600;
				LastUpgradeCheck = 2600;
				TargetAttributes = {
					A2D0B8EE2F5A05FB001EB670 = {
						CreatedOnToolsVersion = 26.0.1;
					};
					A2D0B8FB2F5A05FB001EB670 = {
						CreatedOnToolsVersion = 26.0.1;
						TestTargetID = A2D0B8EE2F5A05FB001EB670;
					};
					A2D0B9052F5A05FB001EB670 = {
						CreatedOnToolsVersion = 26.0.1;
						TestTargetID = A2D0B8EE2F5A05FB001EB670;
					};
				};
			};
			buildConfigurationList = A2D0B8EA2F5A05FB001EB670 /* Build configuration list for PBXProject "NebularNews" */;
			developmentRegion = en;
			hasScannedForEncodings = 0;
			knownRegions = (
				en,
				Base,
			);
			mainGroup = A2D0B8E62F5A05FB001EB670;
			minimizedProjectReferenceProxies = 1;
			packageReferences = (
				A2D0B9192F5A062A001EB670 /* XCLocalSwiftPackageReference "../NebularNewsKit" */,
				A2C57C482F7C4F7B0058043E /* XCRemoteSwiftPackageReference "supabase-swift" */,
			);
			preferredProjectObjectVersion = 77;
			productRefGroup = A2D0B8F02F5A05FB001EB670 /* Products */;
			projectDirPath = "";
			projectRoot = "";
			targets = (
				A2D0B8EE2F5A05FB001EB670 /* NebularNews */,
				A2D0B8FB2F5A05FB001EB670 /* NebularNewsTests */,
				A2D0B9052F5A05FB001EB670 /* NebularNewsUITests */,
			);
		};
/* End PBXProject section */

/* Begin PBXResourcesBuildPhase section */
		A2D0B8ED2F5A05FB001EB670 /* Resources */ = {
			isa = PBXResourcesBuildPhase;
			buildActionMask = 2147483647;
			files = (
			);
			runOnlyForDeploymentPostprocessing = 0;
		};
		A2D0B8FA2F5A05FB001EB670 /* Resources */ = {
			isa = PBXResourcesBuildPhase;
			buildActionMask = 2147483647;
			files = (
			);
			runOnlyForDeploymentPostprocessing = 0;
		};
		A2D0B9042F5A05FB001EB670 /* Resources */ = {
			isa = PBXResourcesBuildPhase;
			buildActionMask = 2147483647;
			files = (
			);
			runOnlyForDeploymentPostprocessing = 0;
		};
		D780E67AE69C4349A465A465A78D68B8 /* Resources */ = {
			isa = PBXResourcesBuildPhase;
			buildActionMask = 2147483647;
			files = (
				DD5594800BEB4FE2B96B105B1ECACBB2 /* NebularNewsWidgets.entitlements in Resources */,
			);
			runOnlyForDeploymentPostprocessing = 0;
		};
/* End PBXResourcesBuildPhase section */

/* Begin PBXSourcesBuildPhase section */
		A2D0B8EB2F5A05FB001EB670 /* Sources */ = {
			isa = PBXSourcesBuildPhase;
			buildActionMask = 2147483647;
			files = (
			);
			runOnlyForDeploymentPostprocessing = 0;
		};
		A2D0B8F82F5A05FB001EB670 /* Sources */ = {
			isa = PBXSourcesBuildPhase;
			buildActionMask = 2147483647;
			files = (
			);
			runOnlyForDeploymentPostprocessing = 0;
		};
		A2D0B9022F5A05FB001EB670 /* Sources */ = {
			isa = PBXSourcesBuildPhase;
			buildActionMask = 2147483647;
			files = (
			);
			runOnlyForDeploymentPostprocessing = 0;
		};
		0E7537034B35430BA0D4A99380D8355D /* Sources */ = {
			isa = PBXSourcesBuildPhase;
			buildActionMask = 2147483647;
			files = (
				E9F43269259443548E3399269F6F452B /* WidgetDataProvider.swift in Sources */,
				5DEF1E240FE3400C90B70A42F21017C6 /* WidgetData.swift in Sources */,
				FCE3EF7F8A3F4626B2605F0C522FD299 /* TopArticleWidget.swift in Sources */,
				873E5A4CFA3E4279B00E1564137D0F3B /* ReadingQueueWidget.swift in Sources */,
				1047DFE521694A1597A6804D28655A88 /* StatsWidget.swift in Sources */,
				2D2AEB2574B0492399017E8FD4974A0C /* NebularNewsWidgets.swift in Sources */,
			);
			runOnlyForDeploymentPostprocessing = 0;
		};
/* End PBXSourcesBuildPhase section */

/* Begin PBXTargetDependency section */
		A2D0B8FE2F5A05FB001EB670 /* PBXTargetDependency */ = {
			isa = PBXTargetDependency;
			target = A2D0B8EE2F5A05FB001EB670 /* NebularNews */;
			targetProxy = A2D0B8FD2F5A05FB001EB670 /* PBXContainerItemProxy */;
		};
		A2D0B9082F5A05FB001EB670 /* PBXTargetDependency */ = {
			isa = PBXTargetDependency;
			target = A2D0B8EE2F5A05FB001EB670 /* NebularNews */;
			targetProxy = A2D0B9072F5A05FB001EB670 /* PBXContainerItemProxy */;
		};

		2064B138884E4CDCBD053B0E874E1137 /* PBXTargetDependency */ = {
			isa = PBXTargetDependency;
			target = 21EF68A28F634A0CBC0E2AACAF2D5350 /* NebularNewsWidgets */;
			targetProxy = 5C2FDB12F190473F8F623D8B24608D03 /* PBXContainerItemProxy */;
		};
/* End PBXTargetDependency section */

/* Begin XCBuildConfiguration section */
		A2D0B90E2F5A05FB001EB670 /* Debug */ = {
			isa = XCBuildConfiguration;
			buildSettings = {
				ALWAYS_SEARCH_USER_PATHS = NO;
				ASSETCATALOG_COMPILER_GENERATE_SWIFT_ASSET_SYMBOL_EXTENSIONS = YES;
				CLANG_ANALYZER_NONNULL = YES;
				CLANG_ANALYZER_NUMBER_OBJECT_CONVERSION = YES_AGGRESSIVE;
				CLANG_CXX_LANGUAGE_STANDARD = "gnu++20";
				CLANG_ENABLE_MODULES = YES;
				CLANG_ENABLE_OBJC_ARC = YES;
				CLANG_ENABLE_OBJC_WEAK = YES;
				CLANG_WARN_BLOCK_CAPTURE_AUTORELEASING = YES;
				CLANG_WARN_BOOL_CONVERSION = YES;
				CLANG_WARN_COMMA = YES;
				CLANG_WARN_CONSTANT_CONVERSION = YES;
				CLANG_WARN_DEPRECATED_OBJC_IMPLEMENTATIONS = YES;
				CLANG_WARN_DIRECT_OBJC_ISA_USAGE = YES_ERROR;
				CLANG_WARN_DOCUMENTATION_COMMENTS = YES;
				CLANG_WARN_EMPTY_BODY = YES;
				CLANG_WARN_ENUM_CONVERSION = YES;
				CLANG_WARN_INFINITE_RECURSION = YES;
				CLANG_WARN_INT_CONVERSION = YES;
				CLANG_WARN_NON_LITERAL_NULL_CONVERSION = YES;
				CLANG_WARN_OBJC_IMPLICIT_RETAIN_SELF = YES;
				CLANG_WARN_OBJC_LITERAL_CONVERSION = YES;
				CLANG_WARN_OBJC_ROOT_CLASS = YES_ERROR;
				CLANG_WARN_QUOTED_INCLUDE_IN_FRAMEWORK_HEADER = YES;
				CLANG_WARN_RANGE_LOOP_ANALYSIS = YES;
				CLANG_WARN_STRICT_PROTOTYPES = YES;
				CLANG_WARN_SUSPICIOUS_MOVE = YES;
				CLANG_WARN_UNGUARDED_AVAILABILITY = YES_AGGRESSIVE;
				CLANG_WARN_UNREACHABLE_CODE = YES;
				CLANG_WARN__DUPLICATE_METHOD_MATCH = YES;
				COPY_PHASE_STRIP = NO;
				DEBUG_INFORMATION_FORMAT = dwarf;
				ENABLE_STRICT_OBJC_MSGSEND = YES;
				ENABLE_TESTABILITY = YES;
				ENABLE_USER_SCRIPT_SANDBOXING = YES;
				GCC_C_LANGUAGE_STANDARD = gnu17;
				GCC_DYNAMIC_NO_PIC = NO;
				GCC_NO_COMMON_BLOCKS = YES;
				GCC_OPTIMIZATION_LEVEL = 0;
				GCC_PREPROCESSOR_DEFINITIONS = (
					"DEBUG=1",
					"$(inherited)",
				);
				GCC_WARN_64_TO_32_BIT_CONVERSION = YES;
				GCC_WARN_ABOUT_RETURN_TYPE = YES_ERROR;
				GCC_WARN_UNDECLARED_SELECTOR = YES;
				GCC_WARN_UNINITIALIZED_AUTOS = YES_AGGRESSIVE;
				GCC_WARN_UNUSED_FUNCTION = YES;
				GCC_WARN_UNUSED_VARIABLE = YES;
				IPHONEOS_DEPLOYMENT_TARGET = 18.0;
				LOCALIZATION_PREFERS_STRING_CATALOGS = YES;
				MTL_ENABLE_DEBUG_INFO = INCLUDE_SOURCE;
				MTL_FAST_MATH = YES;
				ONLY_ACTIVE_ARCH = YES;
				SDKROOT = iphoneos;
				SWIFT_ACTIVE_COMPILATION_CONDITIONS = "DEBUG $(inherited)";
				SWIFT_OPTIMIZATION_LEVEL = "-Onone";
			};
			name = Debug;
		};
		A2D0B90F2F5A05FB001EB670 /* Release */ = {
			isa = XCBuildConfiguration;
			buildSettings = {
				ALWAYS_SEARCH_USER_PATHS = NO;
				ASSETCATALOG_COMPILER_GENERATE_SWIFT_ASSET_SYMBOL_EXTENSIONS = YES;
				CLANG_ANALYZER_NONNULL = YES;
				CLANG_ANALYZER_NUMBER_OBJECT_CONVERSION = YES_AGGRESSIVE;
				CLANG_CXX_LANGUAGE_STANDARD = "gnu++20";
				CLANG_ENABLE_MODULES = YES;
				CLANG_ENABLE_OBJC_ARC = YES;
				CLANG_ENABLE_OBJC_WEAK = YES;
				CLANG_WARN_BLOCK_CAPTURE_AUTORELEASING = YES;
				CLANG_WARN_BOOL_CONVERSION = YES;
				CLANG_WARN_COMMA = YES;
				CLANG_WARN_CONSTANT_CONVERSION = YES;
				CLANG_WARN_DEPRECATED_OBJC_IMPLEMENTATIONS = YES;
				CLANG_WARN_DIRECT_OBJC_ISA_USAGE = YES_ERROR;
				CLANG_WARN_DOCUMENTATION_COMMENTS = YES;
				CLANG_WARN_EMPTY_BODY = YES;
				CLANG_WARN_ENUM_CONVERSION = YES;
				CLANG_WARN_INFINITE_RECURSION = YES;
				CLANG_WARN_INT_CONVERSION = YES;
				CLANG_WARN_NON_LITERAL_NULL_CONVERSION = YES;
				CLANG_WARN_OBJC_IMPLICIT_RETAIN_SELF = YES;
				CLANG_WARN_OBJC_LITERAL_CONVERSION = YES;
				CLANG_WARN_OBJC_ROOT_CLASS = YES_ERROR;
				CLANG_WARN_QUOTED_INCLUDE_IN_FRAMEWORK_HEADER = YES;
				CLANG_WARN_RANGE_LOOP_ANALYSIS = YES;
				CLANG_WARN_STRICT_PROTOTYPES = YES;
				CLANG_WARN_SUSPICIOUS_MOVE = YES;
				CLANG_WARN_UNGUARDED_AVAILABILITY = YES_AGGRESSIVE;
				CLANG_WARN_UNREACHABLE_CODE = YES;
				CLANG_WARN__DUPLICATE_METHOD_MATCH = YES;
				COPY_PHASE_STRIP = NO;
				DEBUG_INFORMATION_FORMAT = "dwarf-with-dsym";
				ENABLE_NS_ASSERTIONS = NO;
				ENABLE_STRICT_OBJC_MSGSEND = YES;
				ENABLE_USER_SCRIPT_SANDBOXING = YES;
				GCC_C_LANGUAGE_STANDARD = gnu17;
				GCC_NO_COMMON_BLOCKS = YES;
				GCC_WARN_64_TO_32_BIT_CONVERSION = YES;
				GCC_WARN_ABOUT_RETURN_TYPE = YES_ERROR;
				GCC_WARN_UNDECLARED_SELECTOR = YES;
				GCC_WARN_UNINITIALIZED_AUTOS = YES_AGGRESSIVE;
				GCC_WARN_UNUSED_FUNCTION = YES;
				GCC_WARN_UNUSED_VARIABLE = YES;
				IPHONEOS_DEPLOYMENT_TARGET = 18.0;
				LOCALIZATION_PREFERS_STRING_CATALOGS = YES;
				MTL_ENABLE_DEBUG_INFO = NO;
				MTL_FAST_MATH = YES;
				SDKROOT = iphoneos;
				SWIFT_COMPILATION_MODE = wholemodule;
				VALIDATE_PRODUCT = YES;
			};
			name = Release;
		};
		A2D0B9112F5A05FB001EB670 /* Debug */ = {
			isa = XCBuildConfiguration;
			buildSettings = {
				ASSETCATALOG_COMPILER_APPICON_NAME = AppIcon;
				ASSETCATALOG_COMPILER_GLOBAL_ACCENT_COLOR_NAME = AccentColor;
				BACKGROUND_REFRESH_TASK_IDENTIFIER = "$(PRODUCT_BUNDLE_IDENTIFIER).feedRefresh";
				CODE_SIGN_ENTITLEMENTS = NebularNews/NebularNews.entitlements;
				CODE_SIGN_STYLE = Automatic;
				CURRENT_PROJECT_VERSION = 6;
				DEVELOPMENT_TEAM = K7CBQW6MPG;
				ENABLE_PREVIEWS = YES;
				GENERATE_INFOPLIST_FILE = NO;
				INFOPLIST_FILE = "Config/NebularNewsApp-Info.plist";
				INFOPLIST_KEY_UIApplicationSceneManifest_Generation = YES;
				INFOPLIST_KEY_UIApplicationSupportsIndirectInputEvents = YES;
				INFOPLIST_KEY_UILaunchScreen_Generation = YES;
				INFOPLIST_KEY_UISupportedInterfaceOrientations_iPad = "UIInterfaceOrientationPortrait UIInterfaceOrientationPortraitUpsideDown UIInterfaceOrientationLandscapeLeft UIInterfaceOrientationLandscapeRight";
				INFOPLIST_KEY_UISupportedInterfaceOrientations_iPhone = "UIInterfaceOrientationPortrait UIInterfaceOrientationLandscapeLeft UIInterfaceOrientationLandscapeRight";
				KEYCHAIN_SERVICE = "$(PRODUCT_BUNDLE_IDENTIFIER)";
				LD_RUNPATH_SEARCH_PATHS = (
					"$(inherited)",
					"@executable_path/Frameworks",
				);
				MARKETING_VERSION = 2.0.0;
				MOBILE_DEFAULT_SERVER_URL = "";
				MOBILE_OAUTH_CLIENT_ID = "nebular-news-ios";
				MOBILE_OAUTH_CLIENT_NAME = "Nebular News iOS";
				MOBILE_OAUTH_REDIRECT_URI = "nebularnews://oauth/callback";
				PRODUCT_BUNDLE_IDENTIFIER = com.nebularnews.ios;
				PRODUCT_NAME = "$(TARGET_NAME)";
				STRING_CATALOG_GENERATE_SYMBOLS = YES;
				SWIFT_APPROACHABLE_CONCURRENCY = YES;
				SWIFT_DEFAULT_ACTOR_ISOLATION = MainActor;
				SWIFT_EMIT_LOC_STRINGS = YES;
				SWIFT_UPCOMING_FEATURE_MEMBER_IMPORT_VISIBILITY = YES;
				SWIFT_VERSION = 5.0;
				TARGETED_DEVICE_FAMILY = "1,2";
			};
			name = Debug;
		};
		A2D0B9122F5A05FB001EB670 /* Release */ = {
			isa = XCBuildConfiguration;
			buildSettings = {
				ASSETCATALOG_COMPILER_APPICON_NAME = AppIcon;
				ASSETCATALOG_COMPILER_GLOBAL_ACCENT_COLOR_NAME = AccentColor;
				BACKGROUND_REFRESH_TASK_IDENTIFIER = "$(PRODUCT_BUNDLE_IDENTIFIER).feedRefresh";
				CODE_SIGN_ENTITLEMENTS = NebularNews/NebularNews.entitlements;
				CODE_SIGN_STYLE = Automatic;
				CURRENT_PROJECT_VERSION = 6;
				DEVELOPMENT_TEAM = K7CBQW6MPG;
				ENABLE_PREVIEWS = YES;
				GENERATE_INFOPLIST_FILE = NO;
				INFOPLIST_FILE = "Config/NebularNewsApp-Info.plist";
				INFOPLIST_KEY_UIApplicationSceneManifest_Generation = YES;
				INFOPLIST_KEY_UIApplicationSupportsIndirectInputEvents = YES;
				INFOPLIST_KEY_UILaunchScreen_Generation = YES;
				INFOPLIST_KEY_UISupportedInterfaceOrientations_iPad = "UIInterfaceOrientationPortrait UIInterfaceOrientationPortraitUpsideDown UIInterfaceOrientationLandscapeLeft UIInterfaceOrientationLandscapeRight";
				INFOPLIST_KEY_UISupportedInterfaceOrientations_iPhone = "UIInterfaceOrientationPortrait UIInterfaceOrientationLandscapeLeft UIInterfaceOrientationLandscapeRight";
				KEYCHAIN_SERVICE = "$(PRODUCT_BUNDLE_IDENTIFIER)";
				LD_RUNPATH_SEARCH_PATHS = (
					"$(inherited)",
					"@executable_path/Frameworks",
				);
				MARKETING_VERSION = 2.0.0;
				MOBILE_DEFAULT_SERVER_URL = "";
				MOBILE_OAUTH_CLIENT_ID = "nebular-news-ios";
				MOBILE_OAUTH_CLIENT_NAME = "Nebular News iOS";
				MOBILE_OAUTH_REDIRECT_URI = "nebularnews://oauth/callback";
				PRODUCT_BUNDLE_IDENTIFIER = com.nebularnews.ios;
				PRODUCT_NAME = "$(TARGET_NAME)";
				STRING_CATALOG_GENERATE_SYMBOLS = YES;
				SWIFT_APPROACHABLE_CONCURRENCY = YES;
				SWIFT_DEFAULT_ACTOR_ISOLATION = MainActor;
				SWIFT_EMIT_LOC_STRINGS = YES;
				SWIFT_UPCOMING_FEATURE_MEMBER_IMPORT_VISIBILITY = YES;
				SWIFT_VERSION = 5.0;
				TARGETED_DEVICE_FAMILY = "1,2";
			};
			name = Release;
		};
		A2D0B9142F5A05FB001EB670 /* Debug */ = {
			isa = XCBuildConfiguration;
			buildSettings = {
				BUNDLE_LOADER = "$(TEST_HOST)";
				CODE_SIGN_STYLE = Automatic;
				CURRENT_PROJECT_VERSION = 6;
				GENERATE_INFOPLIST_FILE = YES;
				IPHONEOS_DEPLOYMENT_TARGET = 18.0;
				MARKETING_VERSION = 2.0.0;
				PRODUCT_BUNDLE_IDENTIFIER = com.nebularnews.NebularNewsTests;
				PRODUCT_NAME = "$(TARGET_NAME)";
				STRING_CATALOG_GENERATE_SYMBOLS = NO;
				SWIFT_APPROACHABLE_CONCURRENCY = YES;
				SWIFT_EMIT_LOC_STRINGS = NO;
				SWIFT_UPCOMING_FEATURE_MEMBER_IMPORT_VISIBILITY = YES;
				SWIFT_VERSION = 5.0;
				TARGETED_DEVICE_FAMILY = "1,2";
				TEST_HOST = "$(BUILT_PRODUCTS_DIR)/NebularNews.app/$(BUNDLE_EXECUTABLE_FOLDER_PATH)/NebularNews";
			};
			name = Debug;
		};
		A2D0B9152F5A05FB001EB670 /* Release */ = {
			isa = XCBuildConfiguration;
			buildSettings = {
				BUNDLE_LOADER = "$(TEST_HOST)";
				CODE_SIGN_STYLE = Automatic;
				CURRENT_PROJECT_VERSION = 6;
				GENERATE_INFOPLIST_FILE = YES;
				IPHONEOS_DEPLOYMENT_TARGET = 18.0;
				MARKETING_VERSION = 2.0.0;
				PRODUCT_BUNDLE_IDENTIFIER = com.nebularnews.NebularNewsTests;
				PRODUCT_NAME = "$(TARGET_NAME)";
				STRING_CATALOG_GENERATE_SYMBOLS = NO;
				SWIFT_APPROACHABLE_CONCURRENCY = YES;
				SWIFT_EMIT_LOC_STRINGS = NO;
				SWIFT_UPCOMING_FEATURE_MEMBER_IMPORT_VISIBILITY = YES;
				SWIFT_VERSION = 5.0;
				TARGETED_DEVICE_FAMILY = "1,2";
				TEST_HOST = "$(BUILT_PRODUCTS_DIR)/NebularNews.app/$(BUNDLE_EXECUTABLE_FOLDER_PATH)/NebularNews";
			};
			name = Release;
		};
		A2D0B9172F5A05FB001EB670 /* Debug */ = {
			isa = XCBuildConfiguration;
			buildSettings = {
				CODE_SIGN_STYLE = Automatic;
				CURRENT_PROJECT_VERSION = 6;
				GENERATE_INFOPLIST_FILE = YES;
				MARKETING_VERSION = 2.0.0;
				PRODUCT_BUNDLE_IDENTIFIER = com.nebularnews.NebularNewsUITests;
				PRODUCT_NAME = "$(TARGET_NAME)";
				STRING_CATALOG_GENERATE_SYMBOLS = NO;
				SWIFT_APPROACHABLE_CONCURRENCY = YES;
				SWIFT_EMIT_LOC_STRINGS = NO;
				SWIFT_UPCOMING_FEATURE_MEMBER_IMPORT_VISIBILITY = YES;
				SWIFT_VERSION = 5.0;
				TARGETED_DEVICE_FAMILY = "1,2";
				TEST_TARGET_NAME = NebularNews;
			};
			name = Debug;
		};
		A2D0B9182F5A05FB001EB670 /* Release */ = {
			isa = XCBuildConfiguration;
			buildSettings = {
				CODE_SIGN_STYLE = Automatic;
				CURRENT_PROJECT_VERSION = 6;
				GENERATE_INFOPLIST_FILE = YES;
				MARKETING_VERSION = 2.0.0;
				PRODUCT_BUNDLE_IDENTIFIER = com.nebularnews.NebularNewsUITests;
				PRODUCT_NAME = "$(TARGET_NAME)";
				STRING_CATALOG_GENERATE_SYMBOLS = NO;
				SWIFT_APPROACHABLE_CONCURRENCY = YES;
				SWIFT_EMIT_LOC_STRINGS = NO;
				SWIFT_UPCOMING_FEATURE_MEMBER_IMPORT_VISIBILITY = YES;
				SWIFT_VERSION = 5.0;
				TARGETED_DEVICE_FAMILY = "1,2";
				TEST_TARGET_NAME = NebularNews;
			};
			name = Release;
		};

		B9C10A86B1E2417DB91D88DBE9D79DCD /* Debug */ = {
			isa = XCBuildConfiguration;
			buildSettings = {
				CODE_SIGN_ENTITLEMENTS = NebularNewsWidgets/NebularNewsWidgets.entitlements;
				CODE_SIGN_STYLE = Automatic;
				CURRENT_PROJECT_VERSION = 6;
				GENERATE_INFOPLIST_FILE = YES;
				INFOPLIST_KEY_CFBundleDisplayName = NebularNewsWidgets;
				INFOPLIST_KEY_NSHumanReadableCopyright = "";
				IPHONEOS_DEPLOYMENT_TARGET = 18.0;
				MARKETING_VERSION = 2.0.0;
				PRODUCT_BUNDLE_IDENTIFIER = com.nebularnews.NebularNewsWidgets;
				PRODUCT_NAME = "$(TARGET_NAME)";
				SKIP_INSTALL = YES;
				SWIFT_EMIT_LOC_STRINGS = YES;
				SWIFT_VERSION = 5.0;
				TARGETED_DEVICE_FAMILY = "1,2";
			};
			name = Debug;
		};
		5646D568F876450DB297556CBA3427E5 /* Release */ = {
			isa = XCBuildConfiguration;
			buildSettings = {
				CODE_SIGN_ENTITLEMENTS = NebularNewsWidgets/NebularNewsWidgets.entitlements;
				CODE_SIGN_STYLE = Automatic;
				CURRENT_PROJECT_VERSION = 6;
				GENERATE_INFOPLIST_FILE = YES;
				INFOPLIST_KEY_CFBundleDisplayName = NebularNewsWidgets;
				INFOPLIST_KEY_NSHumanReadableCopyright = "";
				IPHONEOS_DEPLOYMENT_TARGET = 18.0;
				MARKETING_VERSION = 2.0.0;
				PRODUCT_BUNDLE_IDENTIFIER = com.nebularnews.NebularNewsWidgets;
				PRODUCT_NAME = "$(TARGET_NAME)";
				SKIP_INSTALL = YES;
				SWIFT_EMIT_LOC_STRINGS = YES;
				SWIFT_VERSION = 5.0;
				TARGETED_DEVICE_FAMILY = "1,2";
			};
			name = Release;
		};
/* End XCBuildConfiguration section */

/* Begin XCConfigurationList section */
		A2D0B8EA2F5A05FB001EB670 /* Build configuration list for PBXProject "NebularNews" */ = {
			isa = XCConfigurationList;
			buildConfigurations = (
				A2D0B90E2F5A05FB001EB670 /* Debug */,
				A2D0B90F2F5A05FB001EB670 /* Release */,
			);
			defaultConfigurationIsVisible = 0;
			defaultConfigurationName = Release;
		};
		A2D0B9102F5A05FB001EB670 /* Build configuration list for PBXNativeTarget "NebularNews" */ = {
			isa = XCConfigurationList;
			buildConfigurations = (
				A2D0B9112F5A05FB001EB670 /* Debug */,
				A2D0B9122F5A05FB001EB670 /* Release */,
			);
			defaultConfigurationIsVisible = 0;
			defaultConfigurationName = Release;
		};
		A2D0B9132F5A05FB001EB670 /* Build configuration list for PBXNativeTarget "NebularNewsTests" */ = {
			isa = XCConfigurationList;
			buildConfigurations = (
				A2D0B9142F5A05FB001EB670 /* Debug */,
				A2D0B9152F5A05FB001EB670 /* Release */,
			);
			defaultConfigurationIsVisible = 0;
			defaultConfigurationName = Release;
		};
		A2D0B9162F5A05FB001EB670 /* Build configuration list for PBXNativeTarget "NebularNewsUITests" */ = {
			isa = XCConfigurationList;
			buildConfigurations = (
				A2D0B9172F5A05FB001EB670 /* Debug */,
				A2D0B9182F5A05FB001EB670 /* Release */,
			);
			defaultConfigurationIsVisible = 0;
			defaultConfigurationName = Release;
		};

		D1DE60904A7B458E8B72FC9085E1D34B /* Build configuration list for PBXNativeTarget "NebularNewsWidgets" */ = {
			isa = XCConfigurationList;
			buildConfigurations = (
				B9C10A86B1E2417DB91D88DBE9D79DCD /* Debug */,
				5646D568F876450DB297556CBA3427E5 /* Release */,
			);
			defaultConfigurationIsVisible = 0;
			defaultConfigurationName = Release;
		};
/* End XCConfigurationList section */

/* Begin XCLocalSwiftPackageReference section */
		A2D0B9192F5A062A001EB670 /* XCLocalSwiftPackageReference "../NebularNewsKit" */ = {
			isa = XCLocalSwiftPackageReference;
			relativePath = ../NebularNewsKit;
		};
/* End XCLocalSwiftPackageReference section */

/* Begin XCRemoteSwiftPackageReference section */
		A2C57C482F7C4F7B0058043E /* XCRemoteSwiftPackageReference "supabase-swift" */ = {
			isa = XCRemoteSwiftPackageReference;
			repositoryURL = "https://github.com/supabase/supabase-swift";
			requirement = {
				kind = upToNextMajorVersion;
				minimumVersion = 2.5.1;
			};
		};
/* End XCRemoteSwiftPackageReference section */

/* Begin XCSwiftPackageProductDependency section */
		A2C57C492F7C4F7B0058043E /* Auth */ = {
			isa = XCSwiftPackageProductDependency;
			package = A2C57C482F7C4F7B0058043E /* XCRemoteSwiftPackageReference "supabase-swift" */;
			productName = Auth;
		};
		A2C57C4B2F7C4F7B0058043E /* Functions */ = {
			isa = XCSwiftPackageProductDependency;
			package = A2C57C482F7C4F7B0058043E /* XCRemoteSwiftPackageReference "supabase-swift" */;
			productName = Functions;
		};
		A2C57C4D2F7C4F7B0058043E /* PostgREST */ = {
			isa = XCSwiftPackageProductDependency;
			package = A2C57C482F7C4F7B0058043E /* XCRemoteSwiftPackageReference "supabase-swift" */;
			productName = PostgREST;
		};
		A2C57C502F7C5D7C0058043E /* Supabase */ = {
			isa = XCSwiftPackageProductDependency;
			package = A2C57C482F7C4F7B0058043E /* XCRemoteSwiftPackageReference "supabase-swift" */;
			productName = Supabase;
		};
		A2D0B91A2F5A062A001EB670 /* NebularNewsKit */ = {
			isa = XCSwiftPackageProductDependency;
			productName = NebularNewsKit;
		};
/* End XCSwiftPackageProductDependency section */
	};
	rootObject = A2D0B8E72F5A05FB001EB670 /* Project object */;
}
