// !$*UTF8*$!
{
	archiveVersion = 1;
	classes = {
	};
	objectVersion = 77;
	objects = {

/* Begin PBXBuildFile section */
		A21C0F6F2F9EB58C00D99808 /* NebularNewsNotifyService.appex in Embed Foundation Extensions */ = {isa = PBXBuildFile; fileRef = A21C0F682F9EB58C00D99808 /* NebularNewsNotifyService.appex */; settings = {ATTRIBUTES = (RemoveHeadersOnCopy, ); }; };
		A2B95BE32F8FA680004DAF08 /* NebularNewsShareExtension.appex in Embed Foundation Extensions */ = {isa = PBXBuildFile; fileRef = A2B95BD92F8FA680004DAF08 /* NebularNewsShareExtension.appex */; platformFilter = ios; settings = {ATTRIBUTES = (RemoveHeadersOnCopy, ); }; };
		A2B962502F9408E6004DAF08 /* WidgetKit.framework in Frameworks */ = {isa = PBXBuildFile; fileRef = A2B9624F2F9408E6004DAF08 /* WidgetKit.framework */; };
		A2B962522F9408E6004DAF08 /* SwiftUI.framework in Frameworks */ = {isa = PBXBuildFile; fileRef = A2B962512F9408E6004DAF08 /* SwiftUI.framework */; };
		A2B962632F9408E8004DAF08 /* NebularNewsWidgetsExtension.appex in Embed Foundation Extensions */ = {isa = PBXBuildFile; fileRef = A2B9624E2F9408E6004DAF08 /* NebularNewsWidgetsExtension.appex */; platformFilter = ios; settings = {ATTRIBUTES = (RemoveHeadersOnCopy, ); }; };
		A2D0B91B2F5A062A001EB670 /* NebularNewsKit in Frameworks */ = {isa = PBXBuildFile; productRef = A2D0B91A2F5A062A001EB670 /* NebularNewsKit */; };
/* End PBXBuildFile section */

/* Begin PBXContainerItemProxy section */
		5C2FDB12F190473F8F623D8B24608D03 /* PBXContainerItemProxy */ = {
			isa = PBXContainerItemProxy;
			containerPortal = A2D0B8E72F5A05FB001EB670 /* Project object */;
			proxyType = 1;
			remoteGlobalIDString = 21EF68A28F634A0CBC0E2AACAF2D5350;
			remoteInfo = NebularNewsWidgets;
		};
		A21C0F6D2F9EB58C00D99808 /* PBXContainerItemProxy */ = {
			isa = PBXContainerItemProxy;
			containerPortal = A2D0B8E72F5A05FB001EB670 /* Project object */;
			proxyType = 1;
			remoteGlobalIDString = A21C0F672F9EB58C00D99808;
			remoteInfo = NebularNewsNotifyService;
		};
		A2B95BE12F8FA680004DAF08 /* PBXContainerItemProxy */ = {
			isa = PBXContainerItemProxy;
			containerPortal = A2D0B8E72F5A05FB001EB670 /* Project object */;
			proxyType = 1;
			remoteGlobalIDString = A2B95BD82F8FA680004DAF08;
			remoteInfo = NebularNewsShareExtension;
		};
		A2B962612F9408E8004DAF08 /* PBXContainerItemProxy */ = {
			isa = PBXContainerItemProxy;
			containerPortal = A2D0B8E72F5A05FB001EB670 /* Project object */;
			proxyType = 1;
			remoteGlobalIDString = A2B9624D2F9408E6004DAF08;
			remoteInfo = NebularNewsWidgetsExtension;
		};
		A2D0B8FD2F5A05FB001EB670 /* PBXContainerItemProxy */ = {
			isa = PBXContainerItemProxy;
			containerPortal = A2D0B8E72F5A05FB001EB670 /* Project object */;
			proxyType = 1;
			remoteGlobalIDString = A2D0B8EE2F5A05FB001EB670;
			remoteInfo = NebularNews;
		};
		A2D0B9072F5A05FB001EB670 /* PBXContainerItemProxy */ = {
			isa = PBXContainerItemProxy;
			containerPortal = A2D0B8E72F5A05FB001EB670 /* Project object */;
			proxyType = 1;
			remoteGlobalIDString = A2D0B8EE2F5A05FB001EB670;
			remoteInfo = NebularNews;
		};
/* End PBXContainerItemProxy section */

/* Begin PBXCopyFilesBuildPhase section */
		A2B95BE82F8FA680004DAF08 /* Embed Foundation Extensions */ = {
			isa = PBXCopyFilesBuildPhase;
			buildActionMask = 2147483647;
			dstPath = "";
			dstSubfolderSpec = 13;
			files = (
				A2B95BE32F8FA680004DAF08 /* NebularNewsShareExtension.appex in Embed Foundation Extensions */,
				A2B962632F9408E8004DAF08 /* NebularNewsWidgetsExtension.appex in Embed Foundation Extensions */,
				A21C0F6F2F9EB58C00D99808 /* NebularNewsNotifyService.appex in Embed Foundation Extensions */,
			);
			name = "Embed Foundation Extensions";
			runOnlyForDeploymentPostprocessing = 0;
		};
/* End PBXCopyFilesBuildPhase section */

/* Begin PBXFileReference section */
		A21C0F682F9EB58C00D99808 /* NebularNewsNotifyService.appex */ = {isa = PBXFileReference; explicitFileType = "wrapper.app-extension"; includeInIndex = 0; path = NebularNewsNotifyService.appex; sourceTree = BUILT_PRODUCTS_DIR; };
		A2B95BD92F8FA680004DAF08 /* NebularNewsShareExtension.appex */ = {isa = PBXFileReference; explicitFileType = "wrapper.app-extension"; includeInIndex = 0; path = NebularNewsShareExtension.appex; sourceTree = BUILT_PRODUCTS_DIR; };
		A2B9624E2F9408E6004DAF08 /* NebularNewsWidgetsExtension.appex */ = {isa = PBXFileReference; explicitFileType = "wrapper.app-extension"; includeInIndex = 0; path = NebularNewsWidgetsExtension.appex; sourceTree = BUILT_PRODUCTS_DIR; };
		A2B9624F2F9408E6004DAF08 /* WidgetKit.framework */ = {isa = PBXFileReference; lastKnownFileType = wrapper.framework; name = WidgetKit.framework; path = System/Library/Frameworks/WidgetKit.framework; sourceTree = SDKROOT; };
		A2B962512F9408E6004DAF08 /* SwiftUI.framework */ = {isa = PBXFileReference; lastKnownFileType = wrapper.framework; name = SwiftUI.framework; path = System/Library/Frameworks/SwiftUI.framework; sourceTree = SDKROOT; };
		A2D0B8EF2F5A05FB001EB670 /* NebularNews.app */ = {isa = PBXFileReference; explicitFileType = wrapper.application; includeInIndex = 0; path = NebularNews.app; sourceTree = BUILT_PRODUCTS_DIR; };
		A2D0B8FC2F5A05FB001EB670 /* NebularNewsTests.xctest */ = {isa = PBXFileReference; explicitFileType = wrapper.cfbundle; includeInIndex = 0; path = NebularNewsTests.xctest; sourceTree = BUILT_PRODUCTS_DIR; };
		A2D0B9062F5A05FB001EB670 /* NebularNewsUITests.xctest */ = {isa = PBXFileReference; explicitFileType = wrapper.cfbundle; includeInIndex = 0; path = NebularNewsUITests.xctest; sourceTree = BUILT_PRODUCTS_DIR; };
/* End PBXFileReference section */

/* Begin PBXFileSystemSynchronizedBuildFileExceptionSet section */
		A21C0F722F9EB58C00D99808 /* Exceptions for "NebularNewsNotifyService" folder in "NebularNewsNotifyService" target */ = {
			isa = PBXFileSystemSynchronizedBuildFileExceptionSet;
			membershipExceptions = (
				Info.plist,
			);
			target = A21C0F672F9EB58C00D99808 /* NebularNewsNotifyService */;
		};
		A2B95BE42F8FA680004DAF08 /* Exceptions for "NebularNewsShareExtension" folder in "NebularNewsShareExtension" target */ = {
			isa = PBXFileSystemSynchronizedBuildFileExceptionSet;
			membershipExceptions = (
				Info.plist,
			);
			target = A2B95BD82F8FA680004DAF08 /* NebularNewsShareExtension */;
		};
		A2B962642F9408E8004DAF08 /* Exceptions for "NebularNewsWidgets" folder in "NebularNewsWidgetsExtension" target */ = {
			isa = PBXFileSystemSynchronizedBuildFileExceptionSet;
			membershipExceptions = (
				Info.plist,
			);
			target = A2B9624D2F9408E6004DAF08 /* NebularNewsWidgetsExtension */;
		};
/* End PBXFileSystemSynchronizedBuildFileExceptionSet section */

/* Begin PBXFileSystemSynchronizedRootGroup section */
		A21C0F692F9EB58C00D99808 /* NebularNewsNotifyService */ = {
			isa = PBXFileSystemSynchronizedRootGroup;
			exceptions = (
				A21C0F722F9EB58C00D99808 /* Exceptions for "NebularNewsNotifyService" folder in "NebularNewsNotifyService" target */,
			);
			path = NebularNewsNotifyService;
			sourceTree = "<group>";
		};
		A2B95BDA2F8FA680004DAF08 /* NebularNewsShareExtension */ = {
			isa = PBXFileSystemSynchronizedRootGroup;
			exceptions = (
				A2B95BE42F8FA680004DAF08 /* Exceptions for "NebularNewsShareExtension" folder in "NebularNewsShareExtension" target */,
			);
			path = NebularNewsShareExtension;
			sourceTree = "<group>";
		};
		A2B962532F9408E6004DAF08 /* NebularNewsWidgets */ = {
			isa = PBXFileSystemSynchronizedRootGroup;
			exceptions = (
				A2B962642F9408E8004DAF08 /* Exceptions for "NebularNewsWidgets" folder in "NebularNewsWidgetsExtension" target */,
			);
			path = NebularNewsWidgets;
			sourceTree = "<group>";
		};
		A2D0B8F12F5A05FB001EB670 /* NebularNews */ = {
			isa = PBXFileSystemSynchronizedRootGroup;
			path = NebularNews;
			sourceTree = "<group>";
		};
		A2D0B8FF2F5A05FB001EB670 /* NebularNewsTests */ = {
			isa = PBXFileSystemSynchronizedRootGroup;
			path = NebularNewsTests;
			sourceTree = "<group>";
		};
		A2D0B9092F5A05FB001EB670 /* NebularNewsUITests */ = {
			isa = PBXFileSystemSynchronizedRootGroup;
			path = NebularNewsUITests;
			sourceTree = "<group>";
		};
/* End PBXFileSystemSynchronizedRootGroup section */

/* Begin PBXFrameworksBuildPhase section */
		A21C0F652F9EB58C00D99808 /* Frameworks */ = {
			isa = PBXFrameworksBuildPhase;
			buildActionMask = 2147483647;
			files = (
			);
			runOnlyForDeploymentPostprocessing = 0;
		};
		A2B95BD62F8FA680004DAF08 /* Frameworks */ = {
			isa = PBXFrameworksBuildPhase;
			buildActionMask = 2147483647;
			files = (
			);
			runOnlyForDeploymentPostprocessing = 0;
		};
		A2B9624B2F9408E6004DAF08 /* Frameworks */ = {
			isa = PBXFrameworksBuildPhase;
			buildActionMask = 2147483647;
			files = (
				A2B962522F9408E6004DAF08 /* SwiftUI.framework in Frameworks */,
				A2B962502F9408E6004DAF08 /* WidgetKit.framework in Frameworks */,
			);
			runOnlyForDeploymentPostprocessing = 0;
		};
		A2D0B8EC2F5A05FB001EB670 /* Frameworks */ = {
			isa = PBXFrameworksBuildPhase;
			buildActionMask = 2147483647;
			files = (
				A2D0B91B2F5A062A001EB670 /* NebularNewsKit in Frameworks */,
			);
			runOnlyForDeploymentPostprocessing = 0;
		};
		A2D0B8F92F5A05FB001EB670 /* Frameworks */ = {
			isa = PBXFrameworksBuildPhase;
			buildActionMask = 2147483647;
			files = (
			);
			runOnlyForDeploymentPostprocessing = 0;
		};
		A2D0B9032F5A05FB001EB670 /* Frameworks */ = {
			isa = PBXFrameworksBuildPhase;
			buildActionMask = 2147483647;
			files = (
			);
			runOnlyForDeploymentPostprocessing = 0;
		};
/* End PBXFrameworksBuildPhase section */

/* Begin PBXGroup section */
		A2C57C4F2F7C5D7C0058043E /* Frameworks */ = {
			isa = PBXGroup;
			children = (
				A2B9624F2F9408E6004DAF08 /* WidgetKit.framework */,
				A2B962512F9408E6004DAF08 /* SwiftUI.framework */,
			);
			name = Frameworks;
			sourceTree = "<group>";
		};
		A2D0B8E62F5A05FB001EB670 = {
			isa = PBXGroup;
			children = (
				A2D0B8F12F5A05FB001EB670 /* NebularNews */,
				A2D0B8FF2F5A05FB001EB670 /* NebularNewsTests */,
				A2D0B9092F5A05FB001EB670 /* NebularNewsUITests */,
				A2B95BDA2F8FA680004DAF08 /* NebularNewsShareExtension */,
				A2B962532F9408E6004DAF08 /* NebularNewsWidgets */,
				A21C0F692F9EB58C00D99808 /* NebularNewsNotifyService */,
				A2C57C4F2F7C5D7C0058043E /* Frameworks */,
				A2D0B8F02F5A05FB001EB670 /* Products */,
			);
			sourceTree = "<group>";
		};
		A2D0B8F02F5A05FB001EB670 /* Products */ = {
			isa = PBXGroup;
			children = (
				A2D0B8EF2F5A05FB001EB670 /* NebularNews.app */,
				A2D0B8FC2F5A05FB001EB670 /* NebularNewsTests.xctest */,
				A2D0B9062F5A05FB001EB670 /* NebularNewsUITests.xctest */,
				A2B95BD92F8FA680004DAF08 /* NebularNewsShareExtension.appex */,
				A2B9624E2F9408E6004DAF08 /* NebularNewsWidgetsExtension.appex */,
				A21C0F682F9EB58C00D99808 /* NebularNewsNotifyService.appex */,
			);
			name = Products;
			sourceTree = "<group>";
		};
/* End PBXGroup section */

/* Begin PBXNativeTarget section */
		A21C0F672F9EB58C00D99808 /* NebularNewsNotifyService */ = {
			isa = PBXNativeTarget;
			buildConfigurationList = A21C0F732F9EB58C00D99808 /* Build configuration list for PBXNativeTarget "NebularNewsNotifyService" */;
			buildPhases = (
				A21C0F642F9EB58C00D99808 /* Sources */,
				A21C0F652F9EB58C00D99808 /* Frameworks */,
				A21C0F662F9EB58C00D99808 /* Resources */,
			);
			buildRules = (
			);
			dependencies = (
			);
			fileSystemSynchronizedGroups = (
				A21C0F692F9EB58C00D99808 /* NebularNewsNotifyService */,
			);
			name = NebularNewsNotifyService;
			packageProductDependencies = (
			);
			productName = NebularNewsNotifyService;
			productReference = A21C0F682F9EB58C00D99808 /* NebularNewsNotifyService.appex */;
			productType = "com.apple.product-type.app-extension";
		};
		A2B95BD82F8FA680004DAF08 /* NebularNewsShareExtension */ = {
			isa = PBXNativeTarget;
			buildConfigurationList = A2B95BE52F8FA680004DAF08 /* Build configuration list for PBXNativeTarget "NebularNewsShareExtension" */;
			buildPhases = (
				A2B95BD52F8FA680004DAF08 /* Sources */,
				A2B95BD62F8FA680004DAF08 /* Frameworks */,
				A2B95BD72F8FA680004DAF08 /* Resources */,
			);
			buildRules = (
			);
			dependencies = (
			);
			fileSystemSynchronizedGroups = (
				A2B95BDA2F8FA680004DAF08 /* NebularNewsShareExtension */,
			);
			name = NebularNewsShareExtension;
			packageProductDependencies = (
			);
			productName = NebularNewsShareExtension;
			productReference = A2B95BD92F8FA680004DAF08 /* NebularNewsShareExtension.appex */;
			productType = "com.apple.product-type.app-extension";
		};
		A2B9624D2F9408E6004DAF08 /* NebularNewsWidgetsExtension */ = {
			isa = PBXNativeTarget;
			buildConfigurationList = A2B962652F9408E8004DAF08 /* Build configuration list for PBXNativeTarget "NebularNewsWidgetsExtension" */;
			buildPhases = (
				A2B9624A2F9408E6004DAF08 /* Sources */,
				A2B9624B2F9408E6004DAF08 /* Frameworks */,
				A2B9624C2F9408E6004DAF08 /* Resources */,
			);
			buildRules = (
			);
			dependencies = (
			);
			fileSystemSynchronizedGroups = (
				A2B962532F9408E6004DAF08 /* NebularNewsWidgets */,
			);
			name = NebularNewsWidgetsExtension;
			packageProductDependencies = (
			);
			productName = NebularNewsWidgetsExtension;
			productReference = A2B9624E2F9408E6004DAF08 /* NebularNewsWidgetsExtension.appex */;
			productType = "com.apple.product-type.app-extension";
		};
		A2D0B8EE2F5A05FB001EB670 /* NebularNews */ = {
			isa = PBXNativeTarget;
			buildConfigurationList = A2D0B9102F5A05FB001EB670 /* Build configuration list for PBXNativeTarget "NebularNews" */;
			buildPhases = (
				A2D0B8EB2F5A05FB001EB670 /* Sources */,
				A2D0B8EC2F5A05FB001EB670 /* Frameworks */,
				A2D0B8ED2F5A05FB001EB670 /* Resources */,
				A2B95BE82F8FA680004DAF08 /* Embed Foundation Extensions */,
			);
			buildRules = (
			);
			dependencies = (
				2064B138884E4CDCBD053B0E874E1137 /* PBXTargetDependency */,
				A2B95BE22F8FA680004DAF08 /* PBXTargetDependency */,
				A2B962622F9408E8004DAF08 /* PBXTargetDependency */,
				A21C0F6E2F9EB58C00D99808 /* PBXTargetDependency */,
			);
			fileSystemSynchronizedGroups = (
				A2D0B8F12F5A05FB001EB670 /* NebularNews */,
			);
			name = NebularNews;
			packageProductDependencies = (
				A2D0B91A2F5A062A001EB670 /* NebularNewsKit */,
			);
			productName = NebularNews;
			productReference = A2D0B8EF2F5A05FB001EB670 /* NebularNews.app */;
			productType = "com.apple.product-type.application";
		};
		A2D0B8FB2F5A05FB001EB670 /* NebularNewsTests */ = {
			isa = PBXNativeTarget;
			buildConfigurationList = A2D0B9132F5A05FB001EB670 /* Build configuration list for PBXNativeTarget "NebularNewsTests" */;
			buildPhases = (
				A2D0B8F82F5A05FB001EB670 /* Sources */,
				A2D0B8F92F5A05FB001EB670 /* Frameworks */,
				A2D0B8FA2F5A05FB001EB670 /* Resources */,
			);
			buildRules = (
			);
			dependencies = (
				A2D0B8FE2F5A05FB001EB670 /* PBXTargetDependency */,
			);
			fileSystemSynchronizedGroups = (
				A2D0B8FF2F5A05FB001EB670 /* NebularNewsTests */,
			);
			name = NebularNewsTests;
			packageProductDependencies = (
			);
			productName = NebularNewsTests;
			productReference = A2D0B8FC2F5A05FB001EB670 /* NebularNewsTests.xctest */;
			productType = "com.apple.product-type.bundle.unit-test";
		};
		A2D0B9052F5A05FB001EB670 /* NebularNewsUITests */ = {
			isa = PBXNativeTarget;
			buildConfigurationList = A2D0B9162F5A05FB001EB670 /* Build configuration list for PBXNativeTarget "NebularNewsUITests" */;
			buildPhases = (
				A2D0B9022F5A05FB001EB670 /* Sources */,
				A2D0B9032F5A05FB001EB670 /* Frameworks */,
				A2D0B9042F5A05FB001EB670 /* Resources */,
			);
			buildRules = (
			);
			dependencies = (
				A2D0B9082F5A05FB001EB670 /* PBXTargetDependency */,
			);
			fileSystemSynchronizedGroups = (
				A2D0B9092F5A05FB001EB670 /* NebularNewsUITests */,
			);
			name = NebularNewsUITests;
			packageProductDependencies = (
			);
			productName = NebularNewsUITests;
			productReference = A2D0B9062F5A05FB001EB670 /* NebularNewsUITests.xctest */;
			productType = "com.apple.product-type.bundle.ui-testing";
		};
/* End PBXNativeTarget section */

/* Begin PBXProject section */
		A2D0B8E72F5A05FB001EB670 /* Project object */ = {
			isa = PBXProject;
			attributes = {
				BuildIndependentTargetsInParallel = 1;
				LastSwiftUpdateCheck = 2600;
				LastUpgradeCheck = 2600;
				TargetAttributes = {
					A21C0F672F9EB58C00D99808 = {
						CreatedOnToolsVersion = 26.0.1;
					};
					A2B95BD82F8FA680004DAF08 = {
						CreatedOnToolsVersion = 26.0.1;
					};
					A2B9624D2F9408E6004DAF08 = {
						CreatedOnToolsVersion = 26.0.1;
					};
					A2D0B8EE2F5A05FB001EB670 = {
						CreatedOnToolsVersion = 26.0.1;
					};
					A2D0B8FB2F5A05FB001EB670 = {
						CreatedOnToolsVersion = 26.0.1;
						TestTargetID = A2D0B8EE2F5A05FB001EB670;
					};
					A2D0B9052F5A05FB001EB670 = {
						CreatedOnToolsVersion = 26.0.1;
						TestTargetID = A2D0B8EE2F5A05FB001EB670;
					};
				};
			};
			buildConfigurationList = A2D0B8EA2F5A05FB001EB670 /* Build configuration list for PBXProject "NebularNews" */;
			developmentRegion = en;
			hasScannedForEncodings = 0;
			knownRegions = (
				en,
				Base,
			);
			mainGroup = A2D0B8E62F5A05FB001EB670;
			minimizedProjectReferenceProxies = 1;
			packageReferences = (
				A2D0B9192F5A062A001EB670 /* XCLocalSwiftPackageReference "../NebularNewsKit" */,
			);
			preferredProjectObjectVersion = 77;
			productRefGroup = A2D0B8F02F5A05FB001EB670 /* Products */;
			projectDirPath = "";
			projectRoot = "";
			targets = (
				A2D0B8EE2F5A05FB001EB670 /* NebularNews */,
				A2D0B8FB2F5A05FB001EB670 /* NebularNewsTests */,
				A2D0B9052F5A05FB001EB670 /* NebularNewsUITests */,
				A2B95BD82F8FA680004DAF08 /* NebularNewsShareExtension */,
				A2B9624D2F9408E6004DAF08 /* NebularNewsWidgetsExtension */,
				A21C0F672F9EB58C00D99808 /* NebularNewsNotifyService */,
			);
		};
/* End PBXProject section */

/* Begin PBXResourcesBuildPhase section */
		A21C0F662F9EB58C00D99808 /* Resources */ = {
			isa = PBXResourcesBuildPhase;
			buildActionMask = 2147483647;
			files = (
			);
			runOnlyForDeploymentPostprocessing = 0;
		};
		A2B95BD72F8FA680004DAF08 /* Resources */ = {
			isa = PBXResourcesBuildPhase;
			buildActionMask = 2147483647;
			files = (
			);
			runOnlyForDeploymentPostprocessing = 0;
		};
		A2B9624C2F9408E6004DAF08 /* Resources */ = {
			isa = PBXResourcesBuildPhase;
			buildActionMask = 2147483647;
			files = (
			);
			runOnlyForDeploymentPostprocessing = 0;
		};
		A2D0B8ED2F5A05FB001EB670 /* Resources */ = {
			isa = PBXResourcesBuildPhase;
			buildActionMask = 2147483647;
			files = (
			);
			runOnlyForDeploymentPostprocessing = 0;
		};
		A2D0B8FA2F5A05FB001EB670 /* Resources */ = {
			isa = PBXResourcesBuildPhase;
			buildActionMask = 2147483647;
			files = (
			);
			runOnlyForDeploymentPostprocessing = 0;
		};
		A2D0B9042F5A05FB001EB670 /* Resources */ = {
			isa = PBXResourcesBuildPhase;
			buildActionMask = 2147483647;
			files = (
			);
			runOnlyForDeploymentPostprocessing = 0;
		};
/* End PBXResourcesBuildPhase section */

/* Begin PBXSourcesBuildPhase section */
		A21C0F642F9EB58C00D99808 /* Sources */ = {
			isa = PBXSourcesBuildPhase;
			buildActionMask = 2147483647;
			files = (
			);
			runOnlyForDeploymentPostprocessing = 0;
		};
		A2B95BD52F8FA680004DAF08 /* Sources */ = {
			isa = PBXSourcesBuildPhase;
			buildActionMask = 2147483647;
			files = (
			);
			runOnlyForDeploymentPostprocessing = 0;
		};
		A2B9624A2F9408E6004DAF08 /* Sources */ = {
			isa = PBXSourcesBuildPhase;
			buildActionMask = 2147483647;
			files = (
			);
			runOnlyForDeploymentPostprocessing = 0;
		};
		A2D0B8EB2F5A05FB001EB670 /* Sources */ = {
			isa = PBXSourcesBuildPhase;
			buildActionMask = 2147483647;
			files = (
			);
			runOnlyForDeploymentPostprocessing = 0;
		};
		A2D0B8F82F5A05FB001EB670 /* Sources */ = {
			isa = PBXSourcesBuildPhase;
			buildActionMask = 2147483647;
			files = (
			);
			runOnlyForDeploymentPostprocessing = 0;
		};
		A2D0B9022F5A05FB001EB670 /* Sources */ = {
			isa = PBXSourcesBuildPhase;
			buildActionMask = 2147483647;
			files = (
			);
			runOnlyForDeploymentPostprocessing = 0;
		};
/* End PBXSourcesBuildPhase section */

/* Begin PBXTargetDependency section */
		2064B138884E4CDCBD053B0E874E1137 /* PBXTargetDependency */ = {
			isa = PBXTargetDependency;
			targetProxy = 5C2FDB12F190473F8F623D8B24608D03 /* PBXContainerItemProxy */;
		};
		A21C0F6E2F9EB58C00D99808 /* PBXTargetDependency */ = {
			isa = PBXTargetDependency;
			target = A21C0F672F9EB58C00D99808 /* NebularNewsNotifyService */;
			targetProxy = A21C0F6D2F9EB58C00D99808 /* PBXContainerItemProxy */;
		};
		A2B95BE22F8FA680004DAF08 /* PBXTargetDependency */ = {
			isa = PBXTargetDependency;
			platformFilter = ios;
			target = A2B95BD82F8FA680004DAF08 /* NebularNewsShareExtension */;
			targetProxy = A2B95BE12F8FA680004DAF08 /* PBXContainerItemProxy */;
		};
		A2B962622F9408E8004DAF08 /* PBXTargetDependency */ = {
			isa = PBXTargetDependency;
			target = A2B9624D2F9408E6004DAF08 /* NebularNewsWidgetsExtension */;
			targetProxy = A2B962612F9408E8004DAF08 /* PBXContainerItemProxy */;
		};
		A2D0B8FE2F5A05FB001EB670 /* PBXTargetDependency */ = {
			isa = PBXTargetDependency;
			target = A2D0B8EE2F5A05FB001EB670 /* NebularNews */;
			targetProxy = A2D0B8FD2F5A05FB001EB670 /* PBXContainerItemProxy */;
		};
		A2D0B9082F5A05FB001EB670 /* PBXTargetDependency */ = {
			isa = PBXTargetDependency;
			target = A2D0B8EE2F5A05FB001EB670 /* NebularNews */;
			targetProxy = A2D0B9072F5A05FB001EB670 /* PBXContainerItemProxy */;
		};
/* End PBXTargetDependency section */

/* Begin XCBuildConfiguration section */
		A21C0F702F9EB58C00D99808 /* Debug */ = {
			isa = XCBuildConfiguration;
			buildSettings = {
				CODE_SIGN_STYLE = Automatic;
				CURRENT_PROJECT_VERSION = 18;
				DEVELOPMENT_TEAM = K7CBQW6MPG;
				GENERATE_INFOPLIST_FILE = YES;
				INFOPLIST_FILE = NebularNewsNotifyService/Info.plist;
				INFOPLIST_KEY_CFBundleDisplayName = NebularNewsNotifyService;
				INFOPLIST_KEY_NSHumanReadableCopyright = "";
				IPHONEOS_DEPLOYMENT_TARGET = 26.0;
				LD_RUNPATH_SEARCH_PATHS = (
					"$(inherited)",
					"@executable_path/Frameworks",
					"@executable_path/../../Frameworks",
				);
				MARKETING_VERSION = 1.0;
				PRODUCT_BUNDLE_IDENTIFIER = com.nebularnews.ios.NebularNewsNotifyService;
				PRODUCT_NAME = "$(TARGET_NAME)";
				SDKROOT = iphoneos;
				SKIP_INSTALL = YES;
				STRING_CATALOG_GENERATE_SYMBOLS = YES;
				SWIFT_APPROACHABLE_CONCURRENCY = YES;
				SWIFT_EMIT_LOC_STRINGS = YES;
				SWIFT_UPCOMING_FEATURE_MEMBER_IMPORT_VISIBILITY = YES;
				SWIFT_VERSION = 5.0;
				TARGETED_DEVICE_FAMILY = "1,2";
			};
			name = Debug;
		};
		A21C0F712F9EB58C00D99808 /* Release */ = {
			isa = XCBuildConfiguration;
			buildSettings = {
				CODE_SIGN_STYLE = Automatic;
				CURRENT_PROJECT_VERSION = 18;
				DEVELOPMENT_TEAM = K7CBQW6MPG;
				GENERATE_INFOPLIST_FILE = YES;
				INFOPLIST_FILE = NebularNewsNotifyService/Info.plist;
				INFOPLIST_KEY_CFBundleDisplayName = NebularNewsNotifyService;
				INFOPLIST_KEY_NSHumanReadableCopyright = "";
				IPHONEOS_DEPLOYMENT_TARGET = 26.0;
				LD_RUNPATH_SEARCH_PATHS = (
					"$(inherited)",
					"@executable_path/Frameworks",
					"@executable_path/../../Frameworks",
				);
				MARKETING_VERSION = 1.0;
				PRODUCT_BUNDLE_IDENTIFIER = com.nebularnews.ios.NebularNewsNotifyService;
				PRODUCT_NAME = "$(TARGET_NAME)";
				SDKROOT = iphoneos;
				SKIP_INSTALL = YES;
				STRING_CATALOG_GENERATE_SYMBOLS = YES;
				SWIFT_APPROACHABLE_CONCURRENCY = YES;
				SWIFT_EMIT_LOC_STRINGS = YES;
				SWIFT_UPCOMING_FEATURE_MEMBER_IMPORT_VISIBILITY = YES;
				SWIFT_VERSION = 5.0;
				TARGETED_DEVICE_FAMILY = "1,2";
			};
			name = Release;
		};
		A2B95BE62F8FA680004DAF08 /* Debug */ = {
			isa = XCBuildConfiguration;
			buildSettings = {
				CODE_SIGN_ENTITLEMENTS = NebularNewsShareExtension/NebularNewsShareExtension.entitlements;
				CODE_SIGN_STYLE = Automatic;
				CURRENT_PROJECT_VERSION = 18;
				DEVELOPMENT_TEAM = K7CBQW6MPG;
				GENERATE_INFOPLIST_FILE = YES;
				INFOPLIST_FILE = NebularNewsShareExtension/Info.plist;
				INFOPLIST_KEY_CFBundleDisplayName = NebularNews;
				INFOPLIST_KEY_NSHumanReadableCopyright = "";
				IPHONEOS_DEPLOYMENT_TARGET = 26.0;
				LD_RUNPATH_SEARCH_PATHS = (
					"$(inherited)",
					"@executable_path/Frameworks",
					"@executable_path/../../Frameworks",
				);
				MARKETING_VERSION = 1.0;
				PRODUCT_BUNDLE_IDENTIFIER = "com.nebularnews.ios.share-extension";
				PRODUCT_NAME = "$(TARGET_NAME)";
				SDKROOT = iphoneos;
				SKIP_INSTALL = YES;
				STRING_CATALOG_GENERATE_SYMBOLS = YES;
				SUPPORTED_PLATFORMS = "iphoneos iphonesimulator";
				SWIFT_APPROACHABLE_CONCURRENCY = YES;
				SWIFT_EMIT_LOC_STRINGS = YES;
				SWIFT_UPCOMING_FEATURE_MEMBER_IMPORT_VISIBILITY = YES;
				SWIFT_VERSION = 5.0;
				TARGETED_DEVICE_FAMILY = "1,2";
			};
			name = Debug;
		};
		A2B95BE72F8FA680004DAF08 /* Release */ = {
			isa = XCBuildConfiguration;
			buildSettings = {
				CODE_SIGN_ENTITLEMENTS = NebularNewsShareExtension/NebularNewsShareExtension.entitlements;
				CODE_SIGN_STYLE = Automatic;
				CURRENT_PROJECT_VERSION = 18;
				DEVELOPMENT_TEAM = K7CBQW6MPG;
				GENERATE_INFOPLIST_FILE = YES;
				INFOPLIST_FILE = NebularNewsShareExtension/Info.plist;
				INFOPLIST_KEY_CFBundleDisplayName = NebularNews;
				INFOPLIST_KEY_NSHumanReadableCopyright = "";
				IPHONEOS_DEPLOYMENT_TARGET = 26.0;
				LD_RUNPATH_SEARCH_PATHS = (
					"$(inherited)",
					"@executable_path/Frameworks",
					"@executable_path/../../Frameworks",
				);
				MARKETING_VERSION = 1.0;
				PRODUCT_BUNDLE_IDENTIFIER = "com.nebularnews.ios.share-extension";
				PRODUCT_NAME = "$(TARGET_NAME)";
				SDKROOT = iphoneos;
				SKIP_INSTALL = YES;
				STRING_CATALOG_GENERATE_SYMBOLS = YES;
				SUPPORTED_PLATFORMS = "iphoneos iphonesimulator";
				SWIFT_APPROACHABLE_CONCURRENCY = YES;
				SWIFT_EMIT_LOC_STRINGS = YES;
				SWIFT_UPCOMING_FEATURE_MEMBER_IMPORT_VISIBILITY = YES;
				SWIFT_VERSION = 5.0;
				TARGETED_DEVICE_FAMILY = "1,2";
			};
			name = Release;
		};
		A2B962662F9408E8004DAF08 /* Debug */ = {
			isa = XCBuildConfiguration;
			buildSettings = {
				ASSETCATALOG_COMPILER_GLOBAL_ACCENT_COLOR_NAME = AccentColor;
				ASSETCATALOG_COMPILER_WIDGET_BACKGROUND_COLOR_NAME = WidgetBackground;
				CODE_SIGN_ENTITLEMENTS = NebularNewsWidgets/NebularNewsWidgets.entitlements;
				CODE_SIGN_STYLE = Automatic;
				CURRENT_PROJECT_VERSION = 18;
				DEVELOPMENT_TEAM = K7CBQW6MPG;
				GENERATE_INFOPLIST_FILE = YES;
				INFOPLIST_FILE = NebularNewsWidgets/Info.plist;
				INFOPLIST_KEY_CFBundleDisplayName = NebularNewsWidgets;
				INFOPLIST_KEY_NSHumanReadableCopyright = "";
				IPHONEOS_DEPLOYMENT_TARGET = 26.0;
				LD_RUNPATH_SEARCH_PATHS = (
					"$(inherited)",
					"@executable_path/Frameworks",
					"@executable_path/../../Frameworks",
				);
				MARKETING_VERSION = 1.0;
				PRODUCT_BUNDLE_IDENTIFIER = com.nebularnews.ios.NebularNewsWidgets;
				PRODUCT_NAME = "$(TARGET_NAME)";
				SDKROOT = iphoneos;
				SKIP_INSTALL = YES;
				STRING_CATALOG_GENERATE_SYMBOLS = YES;
				SWIFT_APPROACHABLE_CONCURRENCY = YES;
				SWIFT_EMIT_LOC_STRINGS = YES;
				SWIFT_UPCOMING_FEATURE_MEMBER_IMPORT_VISIBILITY = YES;
				SWIFT_VERSION = 5.0;
				TARGETED_DEVICE_FAMILY = "1,2";
			};
			name = Debug;
		};
		A2B962672F9408E8004DAF08 /* Release */ = {
			isa = XCBuildConfiguration;
			buildSettings = {
				ASSETCATALOG_COMPILER_GLOBAL_ACCENT_COLOR_NAME = AccentColor;
				ASSETCATALOG_COMPILER_WIDGET_BACKGROUND_COLOR_NAME = WidgetBackground;
				CODE_SIGN_ENTITLEMENTS = NebularNewsWidgets/NebularNewsWidgets.entitlements;
				CODE_SIGN_STYLE = Automatic;
				CURRENT_PROJECT_VERSION = 18;
				DEVELOPMENT_TEAM = K7CBQW6MPG;
				GENERATE_INFOPLIST_FILE = YES;
				INFOPLIST_FILE = NebularNewsWidgets/Info.plist;
				INFOPLIST_KEY_CFBundleDisplayName = NebularNewsWidgets;
				INFOPLIST_KEY_NSHumanReadableCopyright = "";
				IPHONEOS_DEPLOYMENT_TARGET = 26.0;
				LD_RUNPATH_SEARCH_PATHS = (
					"$(inherited)",
					"@executable_path/Frameworks",
					"@executable_path/../../Frameworks",
				);
				MARKETING_VERSION = 1.0;
				PRODUCT_BUNDLE_IDENTIFIER = com.nebularnews.ios.NebularNewsWidgets;
				PRODUCT_NAME = "$(TARGET_NAME)";
				SDKROOT = iphoneos;
				SKIP_INSTALL = YES;
				STRING_CATALOG_GENERATE_SYMBOLS = YES;
				SWIFT_APPROACHABLE_CONCURRENCY = YES;
				SWIFT_EMIT_LOC_STRINGS = YES;
				SWIFT_UPCOMING_FEATURE_MEMBER_IMPORT_VISIBILITY = YES;
				SWIFT_VERSION = 5.0;
				TARGETED_DEVICE_FAMILY = "1,2";
			};
			name = Release;
		};
		A2D0B90E2F5A05FB001EB670 /* Debug */ = {
			isa = XCBuildConfiguration;
			buildSettings = {
				ALWAYS_SEARCH_USER_PATHS = NO;
				ASSETCATALOG_COMPILER_GENERATE_SWIFT_ASSET_SYMBOL_EXTENSIONS = YES;
				CLANG_ANALYZER_NONNULL = YES;
				CLANG_ANALYZER_NUMBER_OBJECT_CONVERSION = YES_AGGRESSIVE;
				CLANG_CXX_LANGUAGE_STANDARD = "gnu++20";
				CLANG_ENABLE_MODULES = YES;
				CLANG_ENABLE_OBJC_ARC = YES;
				CLANG_ENABLE_OBJC_WEAK = YES;
				CLANG_WARN_BLOCK_CAPTURE_AUTORELEASING = YES;
				CLANG_WARN_BOOL_CONVERSION = YES;
				CLANG_WARN_COMMA = YES;
				CLANG_WARN_CONSTANT_CONVERSION = YES;
				CLANG_WARN_DEPRECATED_OBJC_IMPLEMENTATIONS = YES;
				CLANG_WARN_DIRECT_OBJC_ISA_USAGE = YES_ERROR;
				CLANG_WARN_DOCUMENTATION_COMMENTS = YES;
				CLANG_WARN_EMPTY_BODY = YES;
				CLANG_WARN_ENUM_CONVERSION = YES;
				CLANG_WARN_INFINITE_RECURSION = YES;
				CLANG_WARN_INT_CONVERSION = YES;
				CLANG_WARN_NON_LITERAL_NULL_CONVERSION = YES;
				CLANG_WARN_OBJC_IMPLICIT_RETAIN_SELF = YES;
				CLANG_WARN_OBJC_LITERAL_CONVERSION = YES;
				CLANG_WARN_OBJC_ROOT_CLASS = YES_ERROR;
				CLANG_WARN_QUOTED_INCLUDE_IN_FRAMEWORK_HEADER = YES;
				CLANG_WARN_RANGE_LOOP_ANALYSIS = YES;
				CLANG_WARN_STRICT_PROTOTYPES = YES;
				CLANG_WARN_SUSPICIOUS_MOVE = YES;
				CLANG_WARN_UNGUARDED_AVAILABILITY = YES_AGGRESSIVE;
				CLANG_WARN_UNREACHABLE_CODE = YES;
				CLANG_WARN__DUPLICATE_METHOD_MATCH = YES;
				COPY_PHASE_STRIP = NO;
				DEBUG_INFORMATION_FORMAT = dwarf;
				ENABLE_STRICT_OBJC_MSGSEND = YES;
				ENABLE_TESTABILITY = YES;
				ENABLE_USER_SCRIPT_SANDBOXING = YES;
				GCC_C_LANGUAGE_STANDARD = gnu17;
				GCC_DYNAMIC_NO_PIC = NO;
				GCC_NO_COMMON_BLOCKS = YES;
				GCC_OPTIMIZATION_LEVEL = 0;
				GCC_PREPROCESSOR_DEFINITIONS = (
					"DEBUG=1",
					"$(inherited)",
				);
				GCC_WARN_64_TO_32_BIT_CONVERSION = YES;
				GCC_WARN_ABOUT_RETURN_TYPE = YES_ERROR;
				GCC_WARN_UNDECLARED_SELECTOR = YES;
				GCC_WARN_UNINITIALIZED_AUTOS = YES_AGGRESSIVE;
				GCC_WARN_UNUSED_FUNCTION = YES;
				GCC_WARN_UNUSED_VARIABLE = YES;
				IPHONEOS_DEPLOYMENT_TARGET = 18.0;
				LOCALIZATION_PREFERS_STRING_CATALOGS = YES;
				MACOSX_DEPLOYMENT_TARGET = 15.0;
				MTL_ENABLE_DEBUG_INFO = INCLUDE_SOURCE;
				MTL_FAST_MATH = YES;
				ONLY_ACTIVE_ARCH = YES;
				SDKROOT = auto;
				SUPPORTED_PLATFORMS = "iphoneos iphonesimulator macosx";
				SUPPORTS_MACCATALYST = NO;
				SWIFT_ACTIVE_COMPILATION_CONDITIONS = "DEBUG $(inherited)";
				SWIFT_OPTIMIZATION_LEVEL = "-Onone";
			};
			name = Debug;
		};
		A2D0B90F2F5A05FB001EB670 /* Release */ = {
			isa = XCBuildConfiguration;
			buildSettings = {
				ALWAYS_SEARCH_USER_PATHS = NO;
				ASSETCATALOG_COMPILER_GENERATE_SWIFT_ASSET_SYMBOL_EXTENSIONS = YES;
				CLANG_ANALYZER_NONNULL = YES;
				CLANG_ANALYZER_NUMBER_OBJECT_CONVERSION = YES_AGGRESSIVE;
				CLANG_CXX_LANGUAGE_STANDARD = "gnu++20";
				CLANG_ENABLE_MODULES = YES;
				CLANG_ENABLE_OBJC_ARC = YES;
				CLANG_ENABLE_OBJC_WEAK = YES;
				CLANG_WARN_BLOCK_CAPTURE_AUTORELEASING = YES;
				CLANG_WARN_BOOL_CONVERSION = YES;
				CLANG_WARN_COMMA = YES;
				CLANG_WARN_CONSTANT_CONVERSION = YES;
				CLANG_WARN_DEPRECATED_OBJC_IMPLEMENTATIONS = YES;
				CLANG_WARN_DIRECT_OBJC_ISA_USAGE = YES_ERROR;
				CLANG_WARN_DOCUMENTATION_COMMENTS = YES;
				CLANG_WARN_EMPTY_BODY = YES;
				CLANG_WARN_ENUM_CONVERSION = YES;
				CLANG_WARN_INFINITE_RECURSION = YES;
				CLANG_WARN_INT_CONVERSION = YES;
				CLANG_WARN_NON_LITERAL_NULL_CONVERSION = YES;
				CLANG_WARN_OBJC_IMPLICIT_RETAIN_SELF = YES;
				CLANG_WARN_OBJC_LITERAL_CONVERSION = YES;
				CLANG_WARN_OBJC_ROOT_CLASS = YES_ERROR;
				CLANG_WARN_QUOTED_INCLUDE_IN_FRAMEWORK_HEADER = YES;
				CLANG_WARN_RANGE_LOOP_ANALYSIS = YES;
				CLANG_WARN_STRICT_PROTOTYPES = YES;
				CLANG_WARN_SUSPICIOUS_MOVE = YES;
				CLANG_WARN_UNGUARDED_AVAILABILITY = YES_AGGRESSIVE;
				CLANG_WARN_UNREACHABLE_CODE = YES;
				CLANG_WARN__DUPLICATE_METHOD_MATCH = YES;
				COPY_PHASE_STRIP = NO;
				DEBUG_INFORMATION_FORMAT = "dwarf-with-dsym";
				ENABLE_NS_ASSERTIONS = NO;
				ENABLE_STRICT_OBJC_MSGSEND = YES;
				ENABLE_USER_SCRIPT_SANDBOXING = YES;
				GCC_C_LANGUAGE_STANDARD = gnu17;
				GCC_NO_COMMON_BLOCKS = YES;
				GCC_WARN_64_TO_32_BIT_CONVERSION = YES;
				GCC_WARN_ABOUT_RETURN_TYPE = YES_ERROR;
				GCC_WARN_UNDECLARED_SELECTOR = YES;
				GCC_WARN_UNINITIALIZED_AUTOS = YES_AGGRESSIVE;
				GCC_WARN_UNUSED_FUNCTION = YES;
				GCC_WARN_UNUSED_VARIABLE = YES;
				IPHONEOS_DEPLOYMENT_TARGET = 18.0;
				LOCALIZATION_PREFERS_STRING_CATALOGS = YES;
				MACOSX_DEPLOYMENT_TARGET = 15.0;
				MTL_ENABLE_DEBUG_INFO = NO;
				MTL_FAST_MATH = YES;
				SDKROOT = auto;
				SUPPORTED_PLATFORMS = "iphoneos iphonesimulator macosx";
				SUPPORTS_MACCATALYST = NO;
				SWIFT_COMPILATION_MODE = wholemodule;
				VALIDATE_PRODUCT = YES;
			};
			name = Release;
		};
		A2D0B9112F5A05FB001EB670 /* Debug */ = {
			isa = XCBuildConfiguration;
			buildSettings = {
				ASSETCATALOG_COMPILER_APPICON_NAME = AppIcon;
				ASSETCATALOG_COMPILER_GLOBAL_ACCENT_COLOR_NAME = AccentColor;
				BACKGROUND_REFRESH_TASK_IDENTIFIER = "$(PRODUCT_BUNDLE_IDENTIFIER).feedRefresh";
				CODE_SIGN_ENTITLEMENTS = NebularNews/NebularNews.entitlements;
				"CODE_SIGN_ENTITLEMENTS[sdk=macosx*]" = NebularNews/NebularNewsMac.entitlements;
				CODE_SIGN_STYLE = Automatic;
				CURRENT_PROJECT_VERSION = 18;
				DEVELOPMENT_TEAM = K7CBQW6MPG;
				ENABLE_PREVIEWS = YES;
				GENERATE_INFOPLIST_FILE = NO;
				INFOPLIST_FILE = "Config/NebularNewsApp-Info.plist";
				INFOPLIST_KEY_UIApplicationSceneManifest_Generation = YES;
				INFOPLIST_KEY_UIApplicationSupportsIndirectInputEvents = YES;
				INFOPLIST_KEY_UILaunchScreen_Generation = YES;
				INFOPLIST_KEY_UISupportedInterfaceOrientations_iPad = "UIInterfaceOrientationPortrait UIInterfaceOrientationPortraitUpsideDown UIInterfaceOrientationLandscapeLeft UIInterfaceOrientationLandscapeRight";
				INFOPLIST_KEY_UISupportedInterfaceOrientations_iPhone = "UIInterfaceOrientationPortrait UIInterfaceOrientationLandscapeLeft UIInterfaceOrientationLandscapeRight";
				KEYCHAIN_SERVICE = "$(PRODUCT_BUNDLE_IDENTIFIER)";
				LD_RUNPATH_SEARCH_PATHS = (
					"$(inherited)",
					"@executable_path/Frameworks",
				);
				MARKETING_VERSION = 2.0.0;
				MOBILE_DEFAULT_SERVER_URL = "";
				MOBILE_OAUTH_CLIENT_ID = "nebular-news-ios";
				MOBILE_OAUTH_CLIENT_NAME = "Nebular News iOS";
				MOBILE_OAUTH_REDIRECT_URI = "nebularnews://oauth/callback";
				PRODUCT_BUNDLE_IDENTIFIER = com.nebularnews.ios;
				PRODUCT_NAME = "$(TARGET_NAME)";
				STRING_CATALOG_GENERATE_SYMBOLS = YES;
				SWIFT_APPROACHABLE_CONCURRENCY = YES;
				SWIFT_DEFAULT_ACTOR_ISOLATION = MainActor;
				SWIFT_EMIT_LOC_STRINGS = YES;
				SWIFT_UPCOMING_FEATURE_MEMBER_IMPORT_VISIBILITY = YES;
				SWIFT_VERSION = 5.0;
				TARGETED_DEVICE_FAMILY = "1,2";
			};
			name = Debug;
		};
		A2D0B9122F5A05FB001EB670 /* Release */ = {
			isa = XCBuildConfiguration;
			buildSettings = {
				ASSETCATALOG_COMPILER_APPICON_NAME = AppIcon;
				ASSETCATALOG_COMPILER_GLOBAL_ACCENT_COLOR_NAME = AccentColor;
				BACKGROUND_REFRESH_TASK_IDENTIFIER = "$(PRODUCT_BUNDLE_IDENTIFIER).feedRefresh";
				CODE_SIGN_ENTITLEMENTS = NebularNews/NebularNews.entitlements;
				"CODE_SIGN_ENTITLEMENTS[sdk=macosx*]" = NebularNews/NebularNewsMac.entitlements;
				CODE_SIGN_STYLE = Automatic;
				CURRENT_PROJECT_VERSION = 18;
				DEVELOPMENT_TEAM = K7CBQW6MPG;
				ENABLE_PREVIEWS = YES;
				GENERATE_INFOPLIST_FILE = NO;
				INFOPLIST_FILE = "Config/NebularNewsApp-Info.plist";
				INFOPLIST_KEY_UIApplicationSceneManifest_Generation = YES;
				INFOPLIST_KEY_UIApplicationSupportsIndirectInputEvents = YES;
				INFOPLIST_KEY_UILaunchScreen_Generation = YES;
				INFOPLIST_KEY_UISupportedInterfaceOrientations_iPad = "UIInterfaceOrientationPortrait UIInterfaceOrientationPortraitUpsideDown UIInterfaceOrientationLandscapeLeft UIInterfaceOrientationLandscapeRight";
				INFOPLIST_KEY_UISupportedInterfaceOrientations_iPhone = "UIInterfaceOrientationPortrait UIInterfaceOrientationLandscapeLeft UIInterfaceOrientationLandscapeRight";
				KEYCHAIN_SERVICE = "$(PRODUCT_BUNDLE_IDENTIFIER)";
				LD_RUNPATH_SEARCH_PATHS = (
					"$(inherited)",
					"@executable_path/Frameworks",
				);
				MARKETING_VERSION = 2.0.0;
				MOBILE_DEFAULT_SERVER_URL = "";
				MOBILE_OAUTH_CLIENT_ID = "nebular-news-ios";
				MOBILE_OAUTH_CLIENT_NAME = "Nebular News iOS";
				MOBILE_OAUTH_REDIRECT_URI = "nebularnews://oauth/callback";
				PRODUCT_BUNDLE_IDENTIFIER = com.nebularnews.ios;
				PRODUCT_NAME = "$(TARGET_NAME)";
				STRING_CATALOG_GENERATE_SYMBOLS = YES;
				SWIFT_APPROACHABLE_CONCURRENCY = YES;
				SWIFT_DEFAULT_ACTOR_ISOLATION = MainActor;
				SWIFT_EMIT_LOC_STRINGS = YES;
				SWIFT_UPCOMING_FEATURE_MEMBER_IMPORT_VISIBILITY = YES;
				SWIFT_VERSION = 5.0;
				TARGETED_DEVICE_FAMILY = "1,2";
			};
			name = Release;
		};
		A2D0B9142F5A05FB001EB670 /* Debug */ = {
			isa = XCBuildConfiguration;
			buildSettings = {
				BUNDLE_LOADER = "$(TEST_HOST)";
				CODE_SIGN_STYLE = Automatic;
				CURRENT_PROJECT_VERSION = 18;
				GENERATE_INFOPLIST_FILE = YES;
				IPHONEOS_DEPLOYMENT_TARGET = 18.0;
				MARKETING_VERSION = 2.0.0;
				PRODUCT_BUNDLE_IDENTIFIER = com.nebularnews.NebularNewsTests;
				PRODUCT_NAME = "$(TARGET_NAME)";
				STRING_CATALOG_GENERATE_SYMBOLS = NO;
				SWIFT_APPROACHABLE_CONCURRENCY = YES;
				SWIFT_EMIT_LOC_STRINGS = NO;
				SWIFT_UPCOMING_FEATURE_MEMBER_IMPORT_VISIBILITY = YES;
				SWIFT_VERSION = 5.0;
				TARGETED_DEVICE_FAMILY = "1,2";
				TEST_HOST = "$(BUILT_PRODUCTS_DIR)/NebularNews.app/$(BUNDLE_EXECUTABLE_FOLDER_PATH)/NebularNews";
			};
			name = Debug;
		};
		A2D0B9152F5A05FB001EB670 /* Release */ = {
			isa = XCBuildConfiguration;
			buildSettings = {
				BUNDLE_LOADER = "$(TEST_HOST)";
				CODE_SIGN_STYLE = Automatic;
				CURRENT_PROJECT_VERSION = 18;
				GENERATE_INFOPLIST_FILE = YES;
				IPHONEOS_DEPLOYMENT_TARGET = 18.0;
				MARKETING_VERSION = 2.0.0;
				PRODUCT_BUNDLE_IDENTIFIER = com.nebularnews.NebularNewsTests;
				PRODUCT_NAME = "$(TARGET_NAME)";
				STRING_CATALOG_GENERATE_SYMBOLS = NO;
				SWIFT_APPROACHABLE_CONCURRENCY = YES;
				SWIFT_EMIT_LOC_STRINGS = NO;
				SWIFT_UPCOMING_FEATURE_MEMBER_IMPORT_VISIBILITY = YES;
				SWIFT_VERSION = 5.0;
				TARGETED_DEVICE_FAMILY = "1,2";
				TEST_HOST = "$(BUILT_PRODUCTS_DIR)/NebularNews.app/$(BUNDLE_EXECUTABLE_FOLDER_PATH)/NebularNews";
			};
			name = Release;
		};
		A2D0B9172F5A05FB001EB670 /* Debug */ = {
			isa = XCBuildConfiguration;
			buildSettings = {
				CODE_SIGN_STYLE = Automatic;
				CURRENT_PROJECT_VERSION = 18;
				GENERATE_INFOPLIST_FILE = YES;
				MARKETING_VERSION = 2.0.0;
				PRODUCT_BUNDLE_IDENTIFIER = com.nebularnews.NebularNewsUITests;
				PRODUCT_NAME = "$(TARGET_NAME)";
				STRING_CATALOG_GENERATE_SYMBOLS = NO;
				SWIFT_APPROACHABLE_CONCURRENCY = YES;
				SWIFT_EMIT_LOC_STRINGS = NO;
				SWIFT_UPCOMING_FEATURE_MEMBER_IMPORT_VISIBILITY = YES;
				SWIFT_VERSION = 5.0;
				TARGETED_DEVICE_FAMILY = "1,2";
				TEST_TARGET_NAME = NebularNews;
			};
			name = Debug;
		};
		A2D0B9182F5A05FB001EB670 /* Release */ = {
			isa = XCBuildConfiguration;
			buildSettings = {
				CODE_SIGN_STYLE = Automatic;
				CURRENT_PROJECT_VERSION = 18;
				GENERATE_INFOPLIST_FILE = YES;
				MARKETING_VERSION = 2.0.0;
				PRODUCT_BUNDLE_IDENTIFIER = com.nebularnews.NebularNewsUITests;
				PRODUCT_NAME = "$(TARGET_NAME)";
				STRING_CATALOG_GENERATE_SYMBOLS = NO;
				SWIFT_APPROACHABLE_CONCURRENCY = YES;
				SWIFT_EMIT_LOC_STRINGS = NO;
				SWIFT_UPCOMING_FEATURE_MEMBER_IMPORT_VISIBILITY = YES;
				SWIFT_VERSION = 5.0;
				TARGETED_DEVICE_FAMILY = "1,2";
				TEST_TARGET_NAME = NebularNews;
			};
			name = Release;
		};
/* End XCBuildConfiguration section */

/* Begin XCConfigurationList section */
		A21C0F732F9EB58C00D99808 /* Build configuration list for PBXNativeTarget "NebularNewsNotifyService" */ = {
			isa = XCConfigurationList;
			buildConfigurations = (
				A21C0F702F9EB58C00D99808 /* Debug */,
				A21C0F712F9EB58C00D99808 /* Release */,
			);
			defaultConfigurationIsVisible = 0;
			defaultConfigurationName = Release;
		};
		A2B95BE52F8FA680004DAF08 /* Build configuration list for PBXNativeTarget "NebularNewsShareExtension" */ = {
			isa = XCConfigurationList;
			buildConfigurations = (
				A2B95BE62F8FA680004DAF08 /* Debug */,
				A2B95BE72F8FA680004DAF08 /* Release */,
			);
			defaultConfigurationIsVisible = 0;
			defaultConfigurationName = Release;
		};
		A2B962652F9408E8004DAF08 /* Build configuration list for PBXNativeTarget "NebularNewsWidgetsExtension" */ = {
			isa = XCConfigurationList;
			buildConfigurations = (
				A2B962662F9408E8004DAF08 /* Debug */,
				A2B962672F9408E8004DAF08 /* Release */,
			);
			defaultConfigurationIsVisible = 0;
			defaultConfigurationName = Release;
		};
		A2D0B8EA2F5A05FB001EB670 /* Build configuration list for PBXProject "NebularNews" */ = {
			isa = XCConfigurationList;
			buildConfigurations = (
				A2D0B90E2F5A05FB001EB670 /* Debug */,
				A2D0B90F2F5A05FB001EB670 /* Release */,
			);
			defaultConfigurationIsVisible = 0;
			defaultConfigurationName = Release;
		};
		A2D0B9102F5A05FB001EB670 /* Build configuration list for PBXNativeTarget "NebularNews" */ = {
			isa = XCConfigurationList;
			buildConfigurations = (
				A2D0B9112F5A05FB001EB670 /* Debug */,
				A2D0B9122F5A05FB001EB670 /* Release */,
			);
			defaultConfigurationIsVisible = 0;
			defaultConfigurationName = Release;
		};
		A2D0B9132F5A05FB001EB670 /* Build configuration list for PBXNativeTarget "NebularNewsTests" */ = {
			isa = XCConfigurationList;
			buildConfigurations = (
				A2D0B9142F5A05FB001EB670 /* Debug */,
				A2D0B9152F5A05FB001EB670 /* Release */,
			);
			defaultConfigurationIsVisible = 0;
			defaultConfigurationName = Release;
		};
		A2D0B9162F5A05FB001EB670 /* Build configuration list for PBXNativeTarget "NebularNewsUITests" */ = {
			isa = XCConfigurationList;
			buildConfigurations = (
				A2D0B9172F5A05FB001EB670 /* Debug */,
				A2D0B9182F5A05FB001EB670 /* Release */,
			);
			defaultConfigurationIsVisible = 0;
			defaultConfigurationName = Release;
		};
/* End XCConfigurationList section */

/* Begin XCLocalSwiftPackageReference section */
		A2D0B9192F5A062A001EB670 /* XCLocalSwiftPackageReference "../NebularNewsKit" */ = {
			isa = XCLocalSwiftPackageReference;
			relativePath = ../NebularNewsKit;
		};
/* End XCLocalSwiftPackageReference section */

/* Begin XCSwiftPackageProductDependency section */
		A2D0B91A2F5A062A001EB670 /* NebularNewsKit */ = {
			isa = XCSwiftPackageProductDependency;
			productName = NebularNewsKit;
		};
/* End XCSwiftPackageProductDependency section */
	};
	rootObject = A2D0B8E72F5A05FB001EB670 /* Project object */;
}
